// !$*UTF8*$!
{
	archiveVersion = 1;
	classes = {
	};
	objectVersion = 46;
	objects = {

/* Begin PBXBuildFile section */
		4A613FD21AB7268F00D0F331 /* AppDelegate.swift in Sources */ = {isa = PBXBuildFile; fileRef = 4A613FD11AB7268F00D0F331 /* AppDelegate.swift */; };
		4A613FD91AB7268F00D0F331 /* Images.xcassets in Resources */ = {isa = PBXBuildFile; fileRef = 4A613FD81AB7268F00D0F331 /* Images.xcassets */; };
		4A613FDC1AB7268F00D0F331 /* LaunchScreen.xib in Resources */ = {isa = PBXBuildFile; fileRef = 4A613FDA1AB7268F00D0F331 /* LaunchScreen.xib */; };
		4A6924C41AB733F50019487A /* ZSSGroupQuerier.swift in Sources */ = {isa = PBXBuildFile; fileRef = 4A6924C31AB733F50019487A /* ZSSGroupQuerier.swift */; };
		4A6924C51AB733F50019487A /* ZSSGroupQuerier.swift in Sources */ = {isa = PBXBuildFile; fileRef = 4A6924C31AB733F50019487A /* ZSSGroupQuerier.swift */; };
		4A6924C71AB734010019487A /* ZSSAnnouncementQuerier.swift in Sources */ = {isa = PBXBuildFile; fileRef = 4A6924C61AB734010019487A /* ZSSAnnouncementQuerier.swift */; };
		4A6924C81AB734010019487A /* ZSSAnnouncementQuerier.swift in Sources */ = {isa = PBXBuildFile; fileRef = 4A6924C61AB734010019487A /* ZSSAnnouncementQuerier.swift */; };
		4A7C60401AB74A5600DA34B1 /* ZSSLoginQuerier.swift in Sources */ = {isa = PBXBuildFile; fileRef = 4A7C603F1AB74A5600DA34B1 /* ZSSLoginQuerier.swift */; };
		4A7C60411AB74A5600DA34B1 /* ZSSLoginQuerier.swift in Sources */ = {isa = PBXBuildFile; fileRef = 4A7C603F1AB74A5600DA34B1 /* ZSSLoginQuerier.swift */; };
		4A7C60431AB7A15100DA34B1 /* ZSSGroupSyncer.swift in Sources */ = {isa = PBXBuildFile; fileRef = 4A7C60421AB7A15100DA34B1 /* ZSSGroupSyncer.swift */; };
		4A7C60441AB7A15100DA34B1 /* ZSSGroupSyncer.swift in Sources */ = {isa = PBXBuildFile; fileRef = 4A7C60421AB7A15100DA34B1 /* ZSSGroupSyncer.swift */; };
		4A7C60461AB7A23100DA34B1 /* ZSSLocalFactory.swift in Sources */ = {isa = PBXBuildFile; fileRef = 4A7C60451AB7A23100DA34B1 /* ZSSLocalFactory.swift */; };
		4A7C60491AB7A23800DA34B1 /* ZSSLocalStore.swift in Sources */ = {isa = PBXBuildFile; fileRef = 4A7C60481AB7A23800DA34B1 /* ZSSLocalStore.swift */; };
		4AB7738B1AB87DA800D33B9A /* testZSSLocalStore.swift in Sources */ = {isa = PBXBuildFile; fileRef = 4AB7738A1AB87DA800D33B9A /* testZSSLocalStore.swift */; };
		4AC9152D1AB93A0A00D48150 /* Shkeek.xcdatamodeld in Sources */ = {isa = PBXBuildFile; fileRef = 4AC9152B1AB93A0A00D48150 /* Shkeek.xcdatamodeld */; };
		4AC9152E1AB93A0A00D48150 /* Shkeek.xcdatamodeld in Sources */ = {isa = PBXBuildFile; fileRef = 4AC9152B1AB93A0A00D48150 /* Shkeek.xcdatamodeld */; };
		4AC915301AB9466600D48150 /* Array+Convenience.swift in Sources */ = {isa = PBXBuildFile; fileRef = 4AC9152F1AB9466600D48150 /* Array+Convenience.swift */; };
		4AC915311AB9466600D48150 /* Array+Convenience.swift in Sources */ = {isa = PBXBuildFile; fileRef = 4AC9152F1AB9466600D48150 /* Array+Convenience.swift */; };
		7D808C7060384B26A93FBCB3 /* libPods-Shkeek.a in Frameworks */ = {isa = PBXBuildFile; fileRef = 28C84BA62B13AC54C8E5A4C0 /* libPods-Shkeek.a */; };
		D6D8B4F6A49043D778EDE599 /* libPods-ShkeekTests.a in Frameworks */ = {isa = PBXBuildFile; fileRef = 1363611A5C07FAC38A5BD312 /* libPods-ShkeekTests.a */; };
/* End PBXBuildFile section */

/* Begin PBXContainerItemProxy section */
		4A613FE21AB7268F00D0F331 /* PBXContainerItemProxy */ = {
			isa = PBXContainerItemProxy;
			containerPortal = 4A613FC41AB7268F00D0F331 /* Project object */;
			proxyType = 1;
			remoteGlobalIDString = 4A613FCB1AB7268F00D0F331;
			remoteInfo = Shkeek;
		};
/* End PBXContainerItemProxy section */

/* Begin PBXFileReference section */
		1363611A5C07FAC38A5BD312 /* libPods-ShkeekTests.a */ = {isa = PBXFileReference; explicitFileType = archive.ar; includeInIndex = 0; path = "libPods-ShkeekTests.a"; sourceTree = BUILT_PRODUCTS_DIR; };
		15B1DEBCF2C6B91BF3999AFC /* Pods-ShkeekTests.release.xcconfig */ = {isa = PBXFileReference; includeInIndex = 1; lastKnownFileType = text.xcconfig; name = "Pods-ShkeekTests.release.xcconfig"; path = "Pods/Target Support Files/Pods-ShkeekTests/Pods-ShkeekTests.release.xcconfig"; sourceTree = "<group>"; };
		20E57EF6B85CFBF016A414D6 /* Pods-Shkeek.release.xcconfig */ = {isa = PBXFileReference; includeInIndex = 1; lastKnownFileType = text.xcconfig; name = "Pods-Shkeek.release.xcconfig"; path = "Pods/Target Support Files/Pods-Shkeek/Pods-Shkeek.release.xcconfig"; sourceTree = "<group>"; };
		28C84BA62B13AC54C8E5A4C0 /* libPods-Shkeek.a */ = {isa = PBXFileReference; explicitFileType = archive.ar; includeInIndex = 0; path = "libPods-Shkeek.a"; sourceTree = BUILT_PRODUCTS_DIR; };
		372AFFF7D46687D2D0D1E62F /* Pods-ShkeekTests.debug.xcconfig */ = {isa = PBXFileReference; includeInIndex = 1; lastKnownFileType = text.xcconfig; name = "Pods-ShkeekTests.debug.xcconfig"; path = "Pods/Target Support Files/Pods-ShkeekTests/Pods-ShkeekTests.debug.xcconfig"; sourceTree = "<group>"; };
		4A613FCC1AB7268F00D0F331 /* Shkeek.app */ = {isa = PBXFileReference; explicitFileType = wrapper.application; includeInIndex = 0; path = Shkeek.app; sourceTree = BUILT_PRODUCTS_DIR; };
		4A613FD01AB7268F00D0F331 /* Info.plist */ = {isa = PBXFileReference; lastKnownFileType = text.plist.xml; path = Info.plist; sourceTree = "<group>"; };
		4A613FD11AB7268F00D0F331 /* AppDelegate.swift */ = {isa = PBXFileReference; lastKnownFileType = sourcecode.swift; path = AppDelegate.swift; sourceTree = "<group>"; };
		4A613FD81AB7268F00D0F331 /* Images.xcassets */ = {isa = PBXFileReference; lastKnownFileType = folder.assetcatalog; path = Images.xcassets; sourceTree = "<group>"; };
		4A613FDB1AB7268F00D0F331 /* Base */ = {isa = PBXFileReference; lastKnownFileType = file.xib; name = Base; path = Base.lproj/LaunchScreen.xib; sourceTree = "<group>"; };
		4A613FE11AB7268F00D0F331 /* ShkeekTests.xctest */ = {isa = PBXFileReference; explicitFileType = wrapper.cfbundle; includeInIndex = 0; path = ShkeekTests.xctest; sourceTree = BUILT_PRODUCTS_DIR; };
		4A613FE61AB7268F00D0F331 /* Info.plist */ = {isa = PBXFileReference; lastKnownFileType = text.plist.xml; path = Info.plist; sourceTree = "<group>"; };
		4A6924C31AB733F50019487A /* ZSSGroupQuerier.swift */ = {isa = PBXFileReference; fileEncoding = 4; lastKnownFileType = sourcecode.swift; path = ZSSGroupQuerier.swift; sourceTree = "<group>"; };
		4A6924C61AB734010019487A /* ZSSAnnouncementQuerier.swift */ = {isa = PBXFileReference; fileEncoding = 4; lastKnownFileType = sourcecode.swift; path = ZSSAnnouncementQuerier.swift; sourceTree = "<group>"; };
		4A7C603F1AB74A5600DA34B1 /* ZSSLoginQuerier.swift */ = {isa = PBXFileReference; fileEncoding = 4; lastKnownFileType = sourcecode.swift; path = ZSSLoginQuerier.swift; sourceTree = "<group>"; };
		4A7C60421AB7A15100DA34B1 /* ZSSGroupSyncer.swift */ = {isa = PBXFileReference; fileEncoding = 4; lastKnownFileType = sourcecode.swift; path = ZSSGroupSyncer.swift; sourceTree = "<group>"; };
		4A7C60451AB7A23100DA34B1 /* ZSSLocalFactory.swift */ = {isa = PBXFileReference; fileEncoding = 4; lastKnownFileType = sourcecode.swift; path = ZSSLocalFactory.swift; sourceTree = "<group>"; };
		4A7C60481AB7A23800DA34B1 /* ZSSLocalStore.swift */ = {isa = PBXFileReference; fileEncoding = 4; lastKnownFileType = sourcecode.swift; path = ZSSLocalStore.swift; sourceTree = "<group>"; };
		4AB7738A1AB87DA800D33B9A /* testZSSLocalStore.swift */ = {isa = PBXFileReference; fileEncoding = 4; lastKnownFileType = sourcecode.swift; path = testZSSLocalStore.swift; sourceTree = "<group>"; };
		4AC915281AB92EA400D48150 /* Shkeek-Bridging-Header.h */ = {isa = PBXFileReference; fileEncoding = 4; lastKnownFileType = sourcecode.c.h; path = "Shkeek-Bridging-Header.h"; sourceTree = "<group>"; };
		4AC915291AB92F4D00D48150 /* ShkeekTests-Bridging-Header.h */ = {isa = PBXFileReference; fileEncoding = 4; lastKnownFileType = sourcecode.c.h; path = "ShkeekTests-Bridging-Header.h"; sourceTree = "<group>"; };
		4AC9152C1AB93A0A00D48150 /* Shkeek.xcdatamodel */ = {isa = PBXFileReference; lastKnownFileType = wrapper.xcdatamodel; path = Shkeek.xcdatamodel; sourceTree = "<group>"; };
		4AC9152F1AB9466600D48150 /* Array+Convenience.swift */ = {isa = PBXFileReference; fileEncoding = 4; lastKnownFileType = sourcecode.swift; name = "Array+Convenience.swift"; path = "Shkeek/Array+Convenience.swift"; sourceTree = SOURCE_ROOT; };
		8D1DF9FFD5BD9FD5FECF18FC /* Pods-Shkeek.debug.xcconfig */ = {isa = PBXFileReference; includeInIndex = 1; lastKnownFileType = text.xcconfig; name = "Pods-Shkeek.debug.xcconfig"; path = "Pods/Target Support Files/Pods-Shkeek/Pods-Shkeek.debug.xcconfig"; sourceTree = "<group>"; };
/* End PBXFileReference section */

/* Begin PBXFrameworksBuildPhase section */
		4A613FC91AB7268F00D0F331 /* Frameworks */ = {
			isa = PBXFrameworksBuildPhase;
			buildActionMask = 2147483647;
			files = (
				7D808C7060384B26A93FBCB3 /* libPods-Shkeek.a in Frameworks */,
			);
			runOnlyForDeploymentPostprocessing = 0;
		};
		4A613FDE1AB7268F00D0F331 /* Frameworks */ = {
			isa = PBXFrameworksBuildPhase;
			buildActionMask = 2147483647;
			files = (
				D6D8B4F6A49043D778EDE599 /* libPods-ShkeekTests.a in Frameworks */,
			);
			runOnlyForDeploymentPostprocessing = 0;
		};
/* End PBXFrameworksBuildPhase section */

/* Begin PBXGroup section */
		4A613FC31AB7268F00D0F331 = {
			isa = PBXGroup;
			children = (
				4A613FCE1AB7268F00D0F331 /* Shkeek */,
				4A613FE41AB7268F00D0F331 /* ShkeekTests */,
				4A613FCD1AB7268F00D0F331 /* Products */,
				E0F8C4B9EC6391F74D07F0E4 /* Pods */,
				676B1C364B79F888625C5DC5 /* Frameworks */,
			);
			sourceTree = "<group>";
		};
		4A613FCD1AB7268F00D0F331 /* Products */ = {
			isa = PBXGroup;
			children = (
				4A613FCC1AB7268F00D0F331 /* Shkeek.app */,
				4A613FE11AB7268F00D0F331 /* ShkeekTests.xctest */,
			);
			name = Products;
			sourceTree = "<group>";
		};
		4A613FCE1AB7268F00D0F331 /* Shkeek */ = {
			isa = PBXGroup;
			children = (
				4AC9152B1AB93A0A00D48150 /* Shkeek.xcdatamodeld */,
				4AC915281AB92EA400D48150 /* Shkeek-Bridging-Header.h */,
				4A6924C31AB733F50019487A /* ZSSGroupQuerier.swift */,
				4A7C603F1AB74A5600DA34B1 /* ZSSLoginQuerier.swift */,
				4A7C60421AB7A15100DA34B1 /* ZSSGroupSyncer.swift */,
				4A7C60451AB7A23100DA34B1 /* ZSSLocalFactory.swift */,
				4A7C60481AB7A23800DA34B1 /* ZSSLocalStore.swift */,
				4A6924C61AB734010019487A /* ZSSAnnouncementQuerier.swift */,
				4A613FD11AB7268F00D0F331 /* AppDelegate.swift */,
				4A613FD81AB7268F00D0F331 /* Images.xcassets */,
				4A613FDA1AB7268F00D0F331 /* LaunchScreen.xib */,
				4A613FCF1AB7268F00D0F331 /* Supporting Files */,
			);
			path = Shkeek;
			sourceTree = "<group>";
		};
		4A613FCF1AB7268F00D0F331 /* Supporting Files */ = {
			isa = PBXGroup;
			children = (
				4A613FD01AB7268F00D0F331 /* Info.plist */,
			);
			name = "Supporting Files";
			sourceTree = "<group>";
		};
		4A613FE41AB7268F00D0F331 /* ShkeekTests */ = {
			isa = PBXGroup;
			children = (
				4A613FE51AB7268F00D0F331 /* Supporting Files */,
				4AB7738A1AB87DA800D33B9A /* testZSSLocalStore.swift */,
				4AC9152F1AB9466600D48150 /* Array+Convenience.swift */,
			);
			path = ShkeekTests;
			sourceTree = "<group>";
		};
		4A613FE51AB7268F00D0F331 /* Supporting Files */ = {
			isa = PBXGroup;
			children = (
				4AC915291AB92F4D00D48150 /* ShkeekTests-Bridging-Header.h */,
				4A613FE61AB7268F00D0F331 /* Info.plist */,
			);
			name = "Supporting Files";
			sourceTree = "<group>";
		};
		676B1C364B79F888625C5DC5 /* Frameworks */ = {
			isa = PBXGroup;
			children = (
				28C84BA62B13AC54C8E5A4C0 /* libPods-Shkeek.a */,
				1363611A5C07FAC38A5BD312 /* libPods-ShkeekTests.a */,
			);
			name = Frameworks;
			sourceTree = "<group>";
		};
		E0F8C4B9EC6391F74D07F0E4 /* Pods */ = {
			isa = PBXGroup;
			children = (
				8D1DF9FFD5BD9FD5FECF18FC /* Pods-Shkeek.debug.xcconfig */,
				20E57EF6B85CFBF016A414D6 /* Pods-Shkeek.release.xcconfig */,
				372AFFF7D46687D2D0D1E62F /* Pods-ShkeekTests.debug.xcconfig */,
				15B1DEBCF2C6B91BF3999AFC /* Pods-ShkeekTests.release.xcconfig */,
			);
			name = Pods;
			sourceTree = "<group>";
		};
/* End PBXGroup section */

/* Begin PBXNativeTarget section */
		4A613FCB1AB7268F00D0F331 /* Shkeek */ = {
			isa = PBXNativeTarget;
			buildConfigurationList = 4A613FEB1AB7268F00D0F331 /* Build configuration list for PBXNativeTarget "Shkeek" */;
			buildPhases = (
				D9ECFA92852AE2F14DB13199 /* Check Pods Manifest.lock */,
				4A613FC81AB7268F00D0F331 /* Sources */,
				4A613FC91AB7268F00D0F331 /* Frameworks */,
				4A613FCA1AB7268F00D0F331 /* Resources */,
				83B746A1CDAB5C75DEBE6895 /* Copy Pods Resources */,
			);
			buildRules = (
			);
			dependencies = (
			);
			name = Shkeek;
			productName = Shkeek;
			productReference = 4A613FCC1AB7268F00D0F331 /* Shkeek.app */;
			productType = "com.apple.product-type.application";
		};
		4A613FE01AB7268F00D0F331 /* ShkeekTests */ = {
			isa = PBXNativeTarget;
			buildConfigurationList = 4A613FEE1AB7268F00D0F331 /* Build configuration list for PBXNativeTarget "ShkeekTests" */;
			buildPhases = (
				DDEE4AAD97F351D07BE720BB /* Check Pods Manifest.lock */,
				4A613FDD1AB7268F00D0F331 /* Sources */,
				4A613FDE1AB7268F00D0F331 /* Frameworks */,
				4A613FDF1AB7268F00D0F331 /* Resources */,
				2E66E4CC7B3F3D2721A54A5C /* Copy Pods Resources */,
			);
			buildRules = (
			);
			dependencies = (
				4A613FE31AB7268F00D0F331 /* PBXTargetDependency */,
			);
			name = ShkeekTests;
			productName = ShkeekTests;
			productReference = 4A613FE11AB7268F00D0F331 /* ShkeekTests.xctest */;
			productType = "com.apple.product-type.bundle.unit-test";
		};
/* End PBXNativeTarget section */

/* Begin PBXProject section */
		4A613FC41AB7268F00D0F331 /* Project object */ = {
			isa = PBXProject;
			attributes = {
				LastUpgradeCheck = 0620;
				ORGANIZATIONNAME = "Shkeek Inc.";
				TargetAttributes = {
					4A613FCB1AB7268F00D0F331 = {
						CreatedOnToolsVersion = 6.2;
					};
					4A613FE01AB7268F00D0F331 = {
						CreatedOnToolsVersion = 6.2;
						TestTargetID = 4A613FCB1AB7268F00D0F331;
					};
				};
			};
			buildConfigurationList = 4A613FC71AB7268F00D0F331 /* Build configuration list for PBXProject "Shkeek" */;
			compatibilityVersion = "Xcode 3.2";
			developmentRegion = English;
			hasScannedForEncodings = 0;
			knownRegions = (
				en,
				Base,
			);
			mainGroup = 4A613FC31AB7268F00D0F331;
			productRefGroup = 4A613FCD1AB7268F00D0F331 /* Products */;
			projectDirPath = "";
			projectRoot = "";
			targets = (
				4A613FCB1AB7268F00D0F331 /* Shkeek */,
				4A613FE01AB7268F00D0F331 /* ShkeekTests */,
			);
		};
/* End PBXProject section */

/* Begin PBXResourcesBuildPhase section */
		4A613FCA1AB7268F00D0F331 /* Resources */ = {
			isa = PBXResourcesBuildPhase;
			buildActionMask = 2147483647;
			files = (
				4A613FDC1AB7268F00D0F331 /* LaunchScreen.xib in Resources */,
				4A613FD91AB7268F00D0F331 /* Images.xcassets in Resources */,
			);
			runOnlyForDeploymentPostprocessing = 0;
		};
		4A613FDF1AB7268F00D0F331 /* Resources */ = {
			isa = PBXResourcesBuildPhase;
			buildActionMask = 2147483647;
			files = (
			);
			runOnlyForDeploymentPostprocessing = 0;
		};
/* End PBXResourcesBuildPhase section */

/* Begin PBXShellScriptBuildPhase section */
		2E66E4CC7B3F3D2721A54A5C /* Copy Pods Resources */ = {
			isa = PBXShellScriptBuildPhase;
			buildActionMask = 2147483647;
			files = (
			);
			inputPaths = (
			);
			name = "Copy Pods Resources";
			outputPaths = (
			);
			runOnlyForDeploymentPostprocessing = 0;
			shellPath = /bin/sh;
			shellScript = "\"${SRCROOT}/Pods/Target Support Files/Pods-ShkeekTests/Pods-ShkeekTests-resources.sh\"\n";
			showEnvVarsInLog = 0;
		};
		83B746A1CDAB5C75DEBE6895 /* Copy Pods Resources */ = {
			isa = PBXShellScriptBuildPhase;
			buildActionMask = 2147483647;
			files = (
			);
			inputPaths = (
			);
			name = "Copy Pods Resources";
			outputPaths = (
			);
			runOnlyForDeploymentPostprocessing = 0;
			shellPath = /bin/sh;
			shellScript = "\"${SRCROOT}/Pods/Target Support Files/Pods-Shkeek/Pods-Shkeek-resources.sh\"\n";
			showEnvVarsInLog = 0;
		};
		D9ECFA92852AE2F14DB13199 /* Check Pods Manifest.lock */ = {
			isa = PBXShellScriptBuildPhase;
			buildActionMask = 2147483647;
			files = (
			);
			inputPaths = (
			);
			name = "Check Pods Manifest.lock";
			outputPaths = (
			);
			runOnlyForDeploymentPostprocessing = 0;
			shellPath = /bin/sh;
			shellScript = "diff \"${PODS_ROOT}/../Podfile.lock\" \"${PODS_ROOT}/Manifest.lock\" > /dev/null\nif [[ $? != 0 ]] ; then\n    cat << EOM\nerror: The sandbox is not in sync with the Podfile.lock. Run 'pod install' or update your CocoaPods installation.\nEOM\n    exit 1\nfi\n";
			showEnvVarsInLog = 0;
		};
		DDEE4AAD97F351D07BE720BB /* Check Pods Manifest.lock */ = {
			isa = PBXShellScriptBuildPhase;
			buildActionMask = 2147483647;
			files = (
			);
			inputPaths = (
			);
			name = "Check Pods Manifest.lock";
			outputPaths = (
			);
			runOnlyForDeploymentPostprocessing = 0;
			shellPath = /bin/sh;
			shellScript = "diff \"${PODS_ROOT}/../Podfile.lock\" \"${PODS_ROOT}/Manifest.lock\" > /dev/null\nif [[ $? != 0 ]] ; then\n    cat << EOM\nerror: The sandbox is not in sync with the Podfile.lock. Run 'pod install' or update your CocoaPods installation.\nEOM\n    exit 1\nfi\n";
			showEnvVarsInLog = 0;
		};
/* End PBXShellScriptBuildPhase section */

/* Begin PBXSourcesBuildPhase section */
		4A613FC81AB7268F00D0F331 /* Sources */ = {
			isa = PBXSourcesBuildPhase;
			buildActionMask = 2147483647;
			files = (
				4A7C60461AB7A23100DA34B1 /* ZSSLocalFactory.swift in Sources */,
				4AC9152D1AB93A0A00D48150 /* Shkeek.xcdatamodeld in Sources */,
				4A7C60431AB7A15100DA34B1 /* ZSSGroupSyncer.swift in Sources */,
				4A6924C41AB733F50019487A /* ZSSGroupQuerier.swift in Sources */,
				4A7C60491AB7A23800DA34B1 /* ZSSLocalStore.swift in Sources */,
				4A613FD21AB7268F00D0F331 /* AppDelegate.swift in Sources */,
				4A7C60401AB74A5600DA34B1 /* ZSSLoginQuerier.swift in Sources */,
				4A6924C71AB734010019487A /* ZSSAnnouncementQuerier.swift in Sources */,
				4AC915301AB9466600D48150 /* Array+Convenience.swift in Sources */,
			);
			runOnlyForDeploymentPostprocessing = 0;
		};
		4A613FDD1AB7268F00D0F331 /* Sources */ = {
			isa = PBXSourcesBuildPhase;
			buildActionMask = 2147483647;
			files = (
				4AC9152E1AB93A0A00D48150 /* Shkeek.xcdatamodeld in Sources */,
				4A7C60441AB7A15100DA34B1 /* ZSSGroupSyncer.swift in Sources */,
				4A6924C51AB733F50019487A /* ZSSGroupQuerier.swift in Sources */,
				4AC915311AB9466600D48150 /* Array+Convenience.swift in Sources */,
				4A7C60411AB74A5600DA34B1 /* ZSSLoginQuerier.swift in Sources */,
				4AB7738B1AB87DA800D33B9A /* testZSSLocalStore.swift in Sources */,
				4A6924C81AB734010019487A /* ZSSAnnouncementQuerier.swift in Sources */,
			);
			runOnlyForDeploymentPostprocessing = 0;
		};
/* End PBXSourcesBuildPhase section */

/* Begin PBXTargetDependency section */
		4A613FE31AB7268F00D0F331 /* PBXTargetDependency */ = {
			isa = PBXTargetDependency;
			target = 4A613FCB1AB7268F00D0F331 /* Shkeek */;
			targetProxy = 4A613FE21AB7268F00D0F331 /* PBXContainerItemProxy */;
		};
/* End PBXTargetDependency section */

/* Begin PBXVariantGroup section */
		4A613FDA1AB7268F00D0F331 /* LaunchScreen.xib */ = {
			isa = PBXVariantGroup;
			children = (
				4A613FDB1AB7268F00D0F331 /* Base */,
			);
			name = LaunchScreen.xib;
			sourceTree = "<group>";
		};
/* End PBXVariantGroup section */

/* Begin XCBuildConfiguration section */
		4A613FE91AB7268F00D0F331 /* Debug */ = {
			isa = XCBuildConfiguration;
			buildSettings = {
				ALWAYS_SEARCH_USER_PATHS = NO;
				CLANG_ALLOW_NON_MODULAR_INCLUDES_IN_FRAMEWORK_MODULES = YES;
				CLANG_CXX_LANGUAGE_STANDARD = "gnu++0x";
				CLANG_CXX_LIBRARY = "libc++";
				CLANG_ENABLE_MODULES = YES;
				CLANG_ENABLE_OBJC_ARC = YES;
				CLANG_WARN_BOOL_CONVERSION = YES;
				CLANG_WARN_CONSTANT_CONVERSION = YES;
				CLANG_WARN_DIRECT_OBJC_ISA_USAGE = YES_ERROR;
				CLANG_WARN_EMPTY_BODY = YES;
				CLANG_WARN_ENUM_CONVERSION = YES;
				CLANG_WARN_INT_CONVERSION = YES;
				CLANG_WARN_OBJC_ROOT_CLASS = YES_ERROR;
				CLANG_WARN_UNREACHABLE_CODE = YES;
				CLANG_WARN__DUPLICATE_METHOD_MATCH = YES;
				"CODE_SIGN_IDENTITY[sdk=iphoneos*]" = "iPhone Developer";
				COPY_PHASE_STRIP = NO;
				ENABLE_STRICT_OBJC_MSGSEND = YES;
				GCC_C_LANGUAGE_STANDARD = gnu99;
				GCC_DYNAMIC_NO_PIC = NO;
				GCC_OPTIMIZATION_LEVEL = 0;
				GCC_PREPROCESSOR_DEFINITIONS = (
					"DEBUG=1",
					"$(inherited)",
				);
				GCC_SYMBOLS_PRIVATE_EXTERN = NO;
				GCC_WARN_64_TO_32_BIT_CONVERSION = YES;
				GCC_WARN_ABOUT_RETURN_TYPE = YES_ERROR;
				GCC_WARN_UNDECLARED_SELECTOR = YES;
				GCC_WARN_UNINITIALIZED_AUTOS = YES_AGGRESSIVE;
				GCC_WARN_UNUSED_FUNCTION = YES;
				GCC_WARN_UNUSED_VARIABLE = YES;
				IPHONEOS_DEPLOYMENT_TARGET = 8.2;
				MTL_ENABLE_DEBUG_INFO = YES;
				ONLY_ACTIVE_ARCH = YES;
				SDKROOT = iphoneos;
				SWIFT_OPTIMIZATION_LEVEL = "-Onone";
			};
			name = Debug;
		};
		4A613FEA1AB7268F00D0F331 /* Release */ = {
			isa = XCBuildConfiguration;
			buildSettings = {
				ALWAYS_SEARCH_USER_PATHS = NO;
				CLANG_ALLOW_NON_MODULAR_INCLUDES_IN_FRAMEWORK_MODULES = YES;
				CLANG_CXX_LANGUAGE_STANDARD = "gnu++0x";
				CLANG_CXX_LIBRARY = "libc++";
				CLANG_ENABLE_MODULES = YES;
				CLANG_ENABLE_OBJC_ARC = YES;
				CLANG_WARN_BOOL_CONVERSION = YES;
				CLANG_WARN_CONSTANT_CONVERSION = YES;
				CLANG_WARN_DIRECT_OBJC_ISA_USAGE = YES_ERROR;
				CLANG_WARN_EMPTY_BODY = YES;
				CLANG_WARN_ENUM_CONVERSION = YES;
				CLANG_WARN_INT_CONVERSION = YES;
				CLANG_WARN_OBJC_ROOT_CLASS = YES_ERROR;
				CLANG_WARN_UNREACHABLE_CODE = YES;
				CLANG_WARN__DUPLICATE_METHOD_MATCH = YES;
				"CODE_SIGN_IDENTITY[sdk=iphoneos*]" = "iPhone Developer";
				COPY_PHASE_STRIP = NO;
				ENABLE_NS_ASSERTIONS = NO;
				ENABLE_STRICT_OBJC_MSGSEND = YES;
				GCC_C_LANGUAGE_STANDARD = gnu99;
				GCC_WARN_64_TO_32_BIT_CONVERSION = YES;
				GCC_WARN_ABOUT_RETURN_TYPE = YES_ERROR;
				GCC_WARN_UNDECLARED_SELECTOR = YES;
				GCC_WARN_UNINITIALIZED_AUTOS = YES_AGGRESSIVE;
				GCC_WARN_UNUSED_FUNCTION = YES;
				GCC_WARN_UNUSED_VARIABLE = YES;
				IPHONEOS_DEPLOYMENT_TARGET = 8.2;
				MTL_ENABLE_DEBUG_INFO = NO;
				SDKROOT = iphoneos;
				VALIDATE_PRODUCT = YES;
			};
			name = Release;
		};
		4A613FEC1AB7268F00D0F331 /* Debug */ = {
			isa = XCBuildConfiguration;
			baseConfigurationReference = 8D1DF9FFD5BD9FD5FECF18FC /* Pods-Shkeek.debug.xcconfig */;
			buildSettings = {
				ASSETCATALOG_COMPILER_APPICON_NAME = AppIcon;
				CLANG_ALLOW_NON_MODULAR_INCLUDES_IN_FRAMEWORK_MODULES = YES;
				CLANG_ENABLE_MODULES = YES;
				INFOPLIST_FILE = Shkeek/Info.plist;
				LD_RUNPATH_SEARCH_PATHS = "$(inherited) @executable_path/Frameworks";
				PRODUCT_NAME = "$(TARGET_NAME)";
				SWIFT_OBJC_BRIDGING_HEADER = "Shkeek/Shkeek-Bridging-Header.h";
				SWIFT_OPTIMIZATION_LEVEL = "-Onone";
			};
			name = Debug;
		};
		4A613FED1AB7268F00D0F331 /* Release */ = {
			isa = XCBuildConfiguration;
			baseConfigurationReference = 20E57EF6B85CFBF016A414D6 /* Pods-Shkeek.release.xcconfig */;
			buildSettings = {
				ASSETCATALOG_COMPILER_APPICON_NAME = AppIcon;
				CLANG_ALLOW_NON_MODULAR_INCLUDES_IN_FRAMEWORK_MODULES = YES;
				CLANG_ENABLE_MODULES = YES;
				INFOPLIST_FILE = Shkeek/Info.plist;
				LD_RUNPATH_SEARCH_PATHS = "$(inherited) @executable_path/Frameworks";
				PRODUCT_NAME = "$(TARGET_NAME)";
				SWIFT_OBJC_BRIDGING_HEADER = "Shkeek/Shkeek-Bridging-Header.h";
			};
			name = Release;
		};
		4A613FEF1AB7268F00D0F331 /* Debug */ = {
			isa = XCBuildConfiguration;
			baseConfigurationReference = 372AFFF7D46687D2D0D1E62F /* Pods-ShkeekTests.debug.xcconfig */;
			buildSettings = {
				BUNDLE_LOADER = "$(TEST_HOST)";
				CLANG_ALLOW_NON_MODULAR_INCLUDES_IN_FRAMEWORK_MODULES = YES;
				CLANG_ENABLE_MODULES = YES;
				FRAMEWORK_SEARCH_PATHS = (
					"$(SDKROOT)/Developer/Library/Frameworks",
					"$(inherited)",
				);
				GCC_PREPROCESSOR_DEFINITIONS = (
					"DEBUG=1",
					"$(inherited)",
				);
				INFOPLIST_FILE = ShkeekTests/Info.plist;
				LD_RUNPATH_SEARCH_PATHS = "$(inherited) @executable_path/Frameworks @loader_path/Frameworks";
				PRODUCT_NAME = "$(TARGET_NAME)";
				SWIFT_OBJC_BRIDGING_HEADER = "ShkeekTests/ShkeekTests-Bridging-Header.h";
				SWIFT_OPTIMIZATION_LEVEL = "-Onone";
				TEST_HOST = "$(BUILT_PRODUCTS_DIR)/Shkeek.app/Shkeek";
			};
			name = Debug;
		};
		4A613FF01AB7268F00D0F331 /* Release */ = {
			isa = XCBuildConfiguration;
			baseConfigurationReference = 15B1DEBCF2C6B91BF3999AFC /* Pods-ShkeekTests.release.xcconfig */;
			buildSettings = {
				BUNDLE_LOADER = "$(TEST_HOST)";
				CLANG_ALLOW_NON_MODULAR_INCLUDES_IN_FRAMEWORK_MODULES = YES;
				CLANG_ENABLE_MODULES = YES;
				FRAMEWORK_SEARCH_PATHS = (
					"$(SDKROOT)/Developer/Library/Frameworks",
					"$(inherited)",
				);
				INFOPLIST_FILE = ShkeekTests/Info.plist;
				LD_RUNPATH_SEARCH_PATHS = "$(inherited) @executable_path/Frameworks @loader_path/Frameworks";
				PRODUCT_NAME = "$(TARGET_NAME)";
				SWIFT_OBJC_BRIDGING_HEADER = "ShkeekTests/ShkeekTests-Bridging-Header.h";
				TEST_HOST = "$(BUILT_PRODUCTS_DIR)/Shkeek.app/Shkeek";
			};
			name = Release;
		};
/* End XCBuildConfiguration section */

/* Begin XCConfigurationList section */
		4A613FC71AB7268F00D0F331 /* Build configuration list for PBXProject "Shkeek" */ = {
			isa = XCConfigurationList;
			buildConfigurations = (
				4A613FE91AB7268F00D0F331 /* Debug */,
				4A613FEA1AB7268F00D0F331 /* Release */,
			);
			defaultConfigurationIsVisible = 0;
			defaultConfigurationName = Release;
		};
		4A613FEB1AB7268F00D0F331 /* Build configuration list for PBXNativeTarget "Shkeek" */ = {
			isa = XCConfigurationList;
			buildConfigurations = (
				4A613FEC1AB7268F00D0F331 /* Debug */,
				4A613FED1AB7268F00D0F331 /* Release */,
			);
			defaultConfigurationIsVisible = 0;
			defaultConfigurationName = Release;
		};
		4A613FEE1AB7268F00D0F331 /* Build configuration list for PBXNativeTarget "ShkeekTests" */ = {
			isa = XCConfigurationList;
			buildConfigurations = (
				4A613FEF1AB7268F00D0F331 /* Debug */,
				4A613FF01AB7268F00D0F331 /* Release */,
			);
			defaultConfigurationIsVisible = 0;
			defaultConfigurationName = Release;
		};
/* End XCConfigurationList section */

/* Begin XCVersionGroup section */
		4AC9152B1AB93A0A00D48150 /* Shkeek.xcdatamodeld */ = {
			isa = XCVersionGroup;
			children = (
				4AC9152C1AB93A0A00D48150 /* Shkeek.xcdatamodel */,
			);
			currentVersion = 4AC9152C1AB93A0A00D48150 /* Shkeek.xcdatamodel */;
			path = Shkeek.xcdatamodeld;
			sourceTree = "<group>";
			versionGroupType = wrapper.xcdatamodel;
		};
/* End XCVersionGroup section */
	};
	rootObject = 4A613FC41AB7268F00D0F331 /* Project object */;
}
