// !$*UTF8*$!
{
	archiveVersion = 1;
	classes = {
	};
	objectVersion = 46;
	objects = {

/* Begin PBXBuildFile section */
		4A0146B41ABA4026007DDE52 /* TwitterSignUpTableViewController.swift in Sources */ = {isa = PBXBuildFile; fileRef = 4A0146B31ABA4026007DDE52 /* TwitterSignUpTableViewController.swift */; };
		4A0146B61ABA4042007DDE52 /* EmailSignUpTableViewController.swift in Sources */ = {isa = PBXBuildFile; fileRef = 4A0146B51ABA4042007DDE52 /* EmailSignUpTableViewController.swift */; };
		4A0146B81ABA4AF9007DDE52 /* ZSSLocalQuerier.swift in Sources */ = {isa = PBXBuildFile; fileRef = 4A0146B71ABA4AF9007DDE52 /* ZSSLocalQuerier.swift */; };
		4A13763D1ABB78740014A8A7 /* String+EmailValidator.swift in Sources */ = {isa = PBXBuildFile; fileRef = 4A13763B1ABB781B0014A8A7 /* String+EmailValidator.swift */; };
		4A1E443E1AB9FBA3002C167B /* ZSSProfilePicCell.swift in Sources */ = {isa = PBXBuildFile; fileRef = 4A1E443C1AB9FBA3002C167B /* ZSSProfilePicCell.swift */; };
		4A1E443F1AB9FBA3002C167B /* ZSSProfilePicCell.xib in Resources */ = {isa = PBXBuildFile; fileRef = 4A1E443D1AB9FBA3002C167B /* ZSSProfilePicCell.xib */; };
		4A1E44421AB9FFFB002C167B /* ZSSTextFieldCell.swift in Sources */ = {isa = PBXBuildFile; fileRef = 4A1E44401AB9FFFB002C167B /* ZSSTextFieldCell.swift */; };
		4A1E44431AB9FFFB002C167B /* ZSSTextFieldCell.xib in Resources */ = {isa = PBXBuildFile; fileRef = 4A1E44411AB9FFFB002C167B /* ZSSTextFieldCell.xib */; };
		4A1E44451ABA039B002C167B /* UIColor+FlatColors.swift in Sources */ = {isa = PBXBuildFile; fileRef = 4A1E44441ABA039B002C167B /* UIColor+FlatColors.swift */; };
		4A1E44501ABA16FA002C167B /* Keys.plist in Resources */ = {isa = PBXBuildFile; fileRef = 4A1E444F1ABA16FA002C167B /* Keys.plist */; };
		4A1E44511ABA16FA002C167B /* Keys.plist in Resources */ = {isa = PBXBuildFile; fileRef = 4A1E444F1ABA16FA002C167B /* Keys.plist */; };
		4A20C3C81AB9CCC400AC6338 /* ZSSLoginViewController.swift in Sources */ = {isa = PBXBuildFile; fileRef = 4A20C3C61AB9CCC400AC6338 /* ZSSLoginViewController.swift */; };
		4A20C3C91AB9CCC400AC6338 /* ZSSLoginViewController.xib in Resources */ = {isa = PBXBuildFile; fileRef = 4A20C3C71AB9CCC400AC6338 /* ZSSLoginViewController.xib */; };
		4A25347D1ABDF88900B18435 /* ZSSHomeViewController.swift in Sources */ = {isa = PBXBuildFile; fileRef = 4A25347B1ABDF88900B18435 /* ZSSHomeViewController.swift */; };
		4A25347E1ABDF88900B18435 /* ZSSHomeViewController.xib in Resources */ = {isa = PBXBuildFile; fileRef = 4A25347C1ABDF88900B18435 /* ZSSHomeViewController.xib */; };
		4A410F1B1ACEF0F800772399 /* ZSSGroupDetailTableViewController.swift in Sources */ = {isa = PBXBuildFile; fileRef = 4A410F1A1ACEF0F800772399 /* ZSSGroupDetailTableViewController.swift */; };
		4A410F241ACEF46300772399 /* ZSSLabelCell.swift in Sources */ = {isa = PBXBuildFile; fileRef = 4A410F221ACEF46300772399 /* ZSSLabelCell.swift */; };
		4A410F251ACEF46300772399 /* ZSSLabelCell.xib in Resources */ = {isa = PBXBuildFile; fileRef = 4A410F231ACEF46300772399 /* ZSSLabelCell.xib */; };
		4A410F271ACF0AD500772399 /* ZSSGroupAdminTableViewController.swift in Sources */ = {isa = PBXBuildFile; fileRef = 4A410F261ACF0AD500772399 /* ZSSGroupAdminTableViewController.swift */; };
		4A613FD21AB7268F00D0F331 /* AppDelegate.swift in Sources */ = {isa = PBXBuildFile; fileRef = 4A613FD11AB7268F00D0F331 /* AppDelegate.swift */; };
		4A613FD91AB7268F00D0F331 /* Images.xcassets in Resources */ = {isa = PBXBuildFile; fileRef = 4A613FD81AB7268F00D0F331 /* Images.xcassets */; };
		4A613FDC1AB7268F00D0F331 /* LaunchScreen.xib in Resources */ = {isa = PBXBuildFile; fileRef = 4A613FDA1AB7268F00D0F331 /* LaunchScreen.xib */; };
		4A6924C41AB733F50019487A /* ZSSGroupQuerier.swift in Sources */ = {isa = PBXBuildFile; fileRef = 4A6924C31AB733F50019487A /* ZSSGroupQuerier.swift */; };
		4A6924C71AB734010019487A /* ZSSAnnouncementQuerier.swift in Sources */ = {isa = PBXBuildFile; fileRef = 4A6924C61AB734010019487A /* ZSSAnnouncementQuerier.swift */; };
		4A69A52F1ABDC23500290AC5 /* ZSSEulaViewController.swift in Sources */ = {isa = PBXBuildFile; fileRef = 4A69A52D1ABDC23500290AC5 /* ZSSEulaViewController.swift */; };
		4A69A5301ABDC23500290AC5 /* ZSSEulaViewController.xib in Resources */ = {isa = PBXBuildFile; fileRef = 4A69A52E1ABDC23500290AC5 /* ZSSEulaViewController.xib */; };
		4A76DA571AD6D3BC009C960A /* ZSSImageTransformer.m in Sources */ = {isa = PBXBuildFile; fileRef = 4A76DA561AD6D3BC009C960A /* ZSSImageTransformer.m */; };
		4A76DA5A1AD6D557009C960A /* ZSSGroup.m in Sources */ = {isa = PBXBuildFile; fileRef = 4A76DA591AD6D557009C960A /* ZSSGroup.m */; };
		4A76DA5D1AD6D558009C960A /* ZSSAnnouncement.m in Sources */ = {isa = PBXBuildFile; fileRef = 4A76DA5C1AD6D558009C960A /* ZSSAnnouncement.m */; };
		4A76DA601AD6D558009C960A /* ZSSUser.m in Sources */ = {isa = PBXBuildFile; fileRef = 4A76DA5F1AD6D558009C960A /* ZSSUser.m */; };
		4A76DA631AD6D558009C960A /* ZSSChoice.m in Sources */ = {isa = PBXBuildFile; fileRef = 4A76DA621AD6D558009C960A /* ZSSChoice.m */; };
		4A76DA661AD6D559009C960A /* ZSSQuestionaire.m in Sources */ = {isa = PBXBuildFile; fileRef = 4A76DA651AD6D559009C960A /* ZSSQuestionaire.m */; };
		4A76DA691AD6D559009C960A /* ZSSQuestion.m in Sources */ = {isa = PBXBuildFile; fileRef = 4A76DA681AD6D559009C960A /* ZSSQuestion.m */; };
		4A7C60401AB74A5600DA34B1 /* ZSSLoginQuerier.swift in Sources */ = {isa = PBXBuildFile; fileRef = 4A7C603F1AB74A5600DA34B1 /* ZSSLoginQuerier.swift */; };
		4A7C60431AB7A15100DA34B1 /* ZSSGroupSyncer.swift in Sources */ = {isa = PBXBuildFile; fileRef = 4A7C60421AB7A15100DA34B1 /* ZSSGroupSyncer.swift */; };
		4A7C60461AB7A23100DA34B1 /* ZSSLocalFactory.swift in Sources */ = {isa = PBXBuildFile; fileRef = 4A7C60451AB7A23100DA34B1 /* ZSSLocalFactory.swift */; };
		4A7C60491AB7A23800DA34B1 /* ZSSLocalStore.swift in Sources */ = {isa = PBXBuildFile; fileRef = 4A7C60481AB7A23800DA34B1 /* ZSSLocalStore.swift */; };
		4A9910131AC9991E0056D7B6 /* ZSSGroupsTableViewController.swift in Sources */ = {isa = PBXBuildFile; fileRef = 4A9910121AC9991E0056D7B6 /* ZSSGroupsTableViewController.swift */; };
		4A9910161AC9996D0056D7B6 /* ZSSGroupCell.swift in Sources */ = {isa = PBXBuildFile; fileRef = 4A9910141AC9996D0056D7B6 /* ZSSGroupCell.swift */; };
		4A9910171AC9996D0056D7B6 /* ZSSGroupCell.xib in Resources */ = {isa = PBXBuildFile; fileRef = 4A9910151AC9996D0056D7B6 /* ZSSGroupCell.xib */; };
		4AA5BB301ABE61A900CE458A /* ZSSTextViewCell.swift in Sources */ = {isa = PBXBuildFile; fileRef = 4AA5BB2E1ABE61A900CE458A /* ZSSTextViewCell.swift */; };
		4AA5BB311ABE61A900CE458A /* ZSSTextViewCell.xib in Resources */ = {isa = PBXBuildFile; fileRef = 4AA5BB2F1ABE61A900CE458A /* ZSSTextViewCell.xib */; };
		4AB7738B1AB87DA800D33B9A /* testZSSLocalStore.swift in Sources */ = {isa = PBXBuildFile; fileRef = 4AB7738A1AB87DA800D33B9A /* testZSSLocalStore.swift */; };
		4ABCAA1A1ABE5B8F008F5958 /* ZSSGroupCreateTableViewController.swift in Sources */ = {isa = PBXBuildFile; fileRef = 4ABCAA191ABE5B8F008F5958 /* ZSSGroupCreateTableViewController.swift */; };
		4ABCAA1D1ABE5D8E008F5958 /* ZSSChoiceCell.swift in Sources */ = {isa = PBXBuildFile; fileRef = 4ABCAA1B1ABE5D8E008F5958 /* ZSSChoiceCell.swift */; };
		4ABCAA1E1ABE5D8E008F5958 /* ZSSChoiceCell.xib in Resources */ = {isa = PBXBuildFile; fileRef = 4ABCAA1C1ABE5D8E008F5958 /* ZSSChoiceCell.xib */; };
		4AC9152D1AB93A0A00D48150 /* Shkeek.xcdatamodeld in Sources */ = {isa = PBXBuildFile; fileRef = 4AC9152B1AB93A0A00D48150 /* Shkeek.xcdatamodeld */; };
		4AC9152E1AB93A0A00D48150 /* Shkeek.xcdatamodeld in Sources */ = {isa = PBXBuildFile; fileRef = 4AC9152B1AB93A0A00D48150 /* Shkeek.xcdatamodeld */; };
		4AC915301AB9466600D48150 /* Array+Convenience.swift in Sources */ = {isa = PBXBuildFile; fileRef = 4AC9152F1AB9466600D48150 /* Array+Convenience.swift */; };
		4AC915311AB9466600D48150 /* Array+Convenience.swift in Sources */ = {isa = PBXBuildFile; fileRef = 4AC9152F1AB9466600D48150 /* Array+Convenience.swift */; };
		4ACCED161AD5EE0C0013E688 /* ZSSFeedTableViewController.swift in Sources */ = {isa = PBXBuildFile; fileRef = 4ACCED151AD5EE0C0013E688 /* ZSSFeedTableViewController.swift */; };
		4ACCED1A1AD5F1C60013E688 /* ZSSAnnouncementCell.swift in Sources */ = {isa = PBXBuildFile; fileRef = 4ACCED181AD5F1C60013E688 /* ZSSAnnouncementCell.swift */; };
		4ACCED1B1AD5F1C60013E688 /* ZSSAnnouncementCell.xib in Resources */ = {isa = PBXBuildFile; fileRef = 4ACCED191AD5F1C60013E688 /* ZSSAnnouncementCell.xib */; };
		4AD730561ABA4EB500A9F32B /* EmailLoginTableViewController.swift in Sources */ = {isa = PBXBuildFile; fileRef = 4AD730551ABA4EB500A9F32B /* EmailLoginTableViewController.swift */; };
		4AD7305A1ABA606300A9F32B /* ZSSButtonCell.swift in Sources */ = {isa = PBXBuildFile; fileRef = 4AD730581ABA606300A9F32B /* ZSSButtonCell.swift */; };
		4AD7305B1ABA606300A9F32B /* ZSSButtonCell.xib in Resources */ = {isa = PBXBuildFile; fileRef = 4AD730591ABA606300A9F32B /* ZSSButtonCell.xib */; };
		4AD7305D1ABB5EE400A9F32B /* ZSSUserSyncer.swift in Sources */ = {isa = PBXBuildFile; fileRef = 4AD7305C1ABB5EE400A9F32B /* ZSSUserSyncer.swift */; };
		4AF848AF1AC990EA001D27DB /* testZSSGroupSyncer.swift in Sources */ = {isa = PBXBuildFile; fileRef = 4AF848AE1AC990EA001D27DB /* testZSSGroupSyncer.swift */; };
		7D808C7060384B26A93FBCB3 /* libPods-Shkeek.a in Frameworks */ = {isa = PBXBuildFile; fileRef = 28C84BA62B13AC54C8E5A4C0 /* libPods-Shkeek.a */; };
		D6D8B4F6A49043D778EDE599 /* libPods-ShkeekTests.a in Frameworks */ = {isa = PBXBuildFile; fileRef = 1363611A5C07FAC38A5BD312 /* libPods-ShkeekTests.a */; };
/* End PBXBuildFile section */

/* Begin PBXContainerItemProxy section */
		4A613FE21AB7268F00D0F331 /* PBXContainerItemProxy */ = {
			isa = PBXContainerItemProxy;
			containerPortal = 4A613FC41AB7268F00D0F331 /* Project object */;
			proxyType = 1;
			remoteGlobalIDString = 4A613FCB1AB7268F00D0F331;
			remoteInfo = Shkeek;
		};
/* End PBXContainerItemProxy section */

/* Begin PBXFileReference section */
		1363611A5C07FAC38A5BD312 /* libPods-ShkeekTests.a */ = {isa = PBXFileReference; explicitFileType = archive.ar; includeInIndex = 0; path = "libPods-ShkeekTests.a"; sourceTree = BUILT_PRODUCTS_DIR; };
		15B1DEBCF2C6B91BF3999AFC /* Pods-ShkeekTests.release.xcconfig */ = {isa = PBXFileReference; includeInIndex = 1; lastKnownFileType = text.xcconfig; name = "Pods-ShkeekTests.release.xcconfig"; path = "Pods/Target Support Files/Pods-ShkeekTests/Pods-ShkeekTests.release.xcconfig"; sourceTree = "<group>"; };
		20E57EF6B85CFBF016A414D6 /* Pods-Shkeek.release.xcconfig */ = {isa = PBXFileReference; includeInIndex = 1; lastKnownFileType = text.xcconfig; name = "Pods-Shkeek.release.xcconfig"; path = "Pods/Target Support Files/Pods-Shkeek/Pods-Shkeek.release.xcconfig"; sourceTree = "<group>"; };
		28C84BA62B13AC54C8E5A4C0 /* libPods-Shkeek.a */ = {isa = PBXFileReference; explicitFileType = archive.ar; includeInIndex = 0; path = "libPods-Shkeek.a"; sourceTree = BUILT_PRODUCTS_DIR; };
		372AFFF7D46687D2D0D1E62F /* Pods-ShkeekTests.debug.xcconfig */ = {isa = PBXFileReference; includeInIndex = 1; lastKnownFileType = text.xcconfig; name = "Pods-ShkeekTests.debug.xcconfig"; path = "Pods/Target Support Files/Pods-ShkeekTests/Pods-ShkeekTests.debug.xcconfig"; sourceTree = "<group>"; };
		4A0146B31ABA4026007DDE52 /* TwitterSignUpTableViewController.swift */ = {isa = PBXFileReference; fileEncoding = 4; lastKnownFileType = sourcecode.swift; path = TwitterSignUpTableViewController.swift; sourceTree = "<group>"; };
		4A0146B51ABA4042007DDE52 /* EmailSignUpTableViewController.swift */ = {isa = PBXFileReference; fileEncoding = 4; lastKnownFileType = sourcecode.swift; path = EmailSignUpTableViewController.swift; sourceTree = "<group>"; };
		4A0146B71ABA4AF9007DDE52 /* ZSSLocalQuerier.swift */ = {isa = PBXFileReference; fileEncoding = 4; lastKnownFileType = sourcecode.swift; path = ZSSLocalQuerier.swift; sourceTree = "<group>"; };
		4A13763B1ABB781B0014A8A7 /* String+EmailValidator.swift */ = {isa = PBXFileReference; fileEncoding = 4; lastKnownFileType = sourcecode.swift; path = "String+EmailValidator.swift"; sourceTree = "<group>"; };
		4A1E443C1AB9FBA3002C167B /* ZSSProfilePicCell.swift */ = {isa = PBXFileReference; fileEncoding = 4; lastKnownFileType = sourcecode.swift; path = ZSSProfilePicCell.swift; sourceTree = "<group>"; };
		4A1E443D1AB9FBA3002C167B /* ZSSProfilePicCell.xib */ = {isa = PBXFileReference; fileEncoding = 4; lastKnownFileType = file.xib; path = ZSSProfilePicCell.xib; sourceTree = "<group>"; };
		4A1E44401AB9FFFB002C167B /* ZSSTextFieldCell.swift */ = {isa = PBXFileReference; fileEncoding = 4; lastKnownFileType = sourcecode.swift; path = ZSSTextFieldCell.swift; sourceTree = "<group>"; };
		4A1E44411AB9FFFB002C167B /* ZSSTextFieldCell.xib */ = {isa = PBXFileReference; fileEncoding = 4; lastKnownFileType = file.xib; path = ZSSTextFieldCell.xib; sourceTree = "<group>"; };
		4A1E44441ABA039B002C167B /* UIColor+FlatColors.swift */ = {isa = PBXFileReference; fileEncoding = 4; lastKnownFileType = sourcecode.swift; name = "UIColor+FlatColors.swift"; path = "../Shkeek/UIColor+FlatColors.swift"; sourceTree = "<group>"; };
		4A1E444F1ABA16FA002C167B /* Keys.plist */ = {isa = PBXFileReference; fileEncoding = 4; lastKnownFileType = text.plist.xml; name = Keys.plist; path = ../Keys.plist; sourceTree = "<group>"; };
		4A20C3C61AB9CCC400AC6338 /* ZSSLoginViewController.swift */ = {isa = PBXFileReference; fileEncoding = 4; lastKnownFileType = sourcecode.swift; path = ZSSLoginViewController.swift; sourceTree = "<group>"; };
		4A20C3C71AB9CCC400AC6338 /* ZSSLoginViewController.xib */ = {isa = PBXFileReference; fileEncoding = 4; lastKnownFileType = file.xib; path = ZSSLoginViewController.xib; sourceTree = "<group>"; };
		4A25347B1ABDF88900B18435 /* ZSSHomeViewController.swift */ = {isa = PBXFileReference; fileEncoding = 4; lastKnownFileType = sourcecode.swift; path = ZSSHomeViewController.swift; sourceTree = "<group>"; };
		4A25347C1ABDF88900B18435 /* ZSSHomeViewController.xib */ = {isa = PBXFileReference; fileEncoding = 4; lastKnownFileType = file.xib; path = ZSSHomeViewController.xib; sourceTree = "<group>"; };
		4A410F1A1ACEF0F800772399 /* ZSSGroupDetailTableViewController.swift */ = {isa = PBXFileReference; fileEncoding = 4; lastKnownFileType = sourcecode.swift; path = ZSSGroupDetailTableViewController.swift; sourceTree = "<group>"; };
		4A410F221ACEF46300772399 /* ZSSLabelCell.swift */ = {isa = PBXFileReference; fileEncoding = 4; lastKnownFileType = sourcecode.swift; path = ZSSLabelCell.swift; sourceTree = "<group>"; };
		4A410F231ACEF46300772399 /* ZSSLabelCell.xib */ = {isa = PBXFileReference; fileEncoding = 4; lastKnownFileType = file.xib; path = ZSSLabelCell.xib; sourceTree = "<group>"; };
		4A410F261ACF0AD500772399 /* ZSSGroupAdminTableViewController.swift */ = {isa = PBXFileReference; fileEncoding = 4; lastKnownFileType = sourcecode.swift; path = ZSSGroupAdminTableViewController.swift; sourceTree = "<group>"; };
		4A613FCC1AB7268F00D0F331 /* Shkeek.app */ = {isa = PBXFileReference; explicitFileType = wrapper.application; includeInIndex = 0; path = Shkeek.app; sourceTree = BUILT_PRODUCTS_DIR; };
		4A613FD01AB7268F00D0F331 /* Info.plist */ = {isa = PBXFileReference; lastKnownFileType = text.plist.xml; path = Info.plist; sourceTree = "<group>"; };
		4A613FD11AB7268F00D0F331 /* AppDelegate.swift */ = {isa = PBXFileReference; lastKnownFileType = sourcecode.swift; path = AppDelegate.swift; sourceTree = "<group>"; };
		4A613FD81AB7268F00D0F331 /* Images.xcassets */ = {isa = PBXFileReference; lastKnownFileType = folder.assetcatalog; path = Images.xcassets; sourceTree = "<group>"; };
		4A613FDB1AB7268F00D0F331 /* Base */ = {isa = PBXFileReference; lastKnownFileType = file.xib; name = Base; path = Base.lproj/LaunchScreen.xib; sourceTree = "<group>"; };
		4A613FE11AB7268F00D0F331 /* ShkeekTests.xctest */ = {isa = PBXFileReference; explicitFileType = wrapper.cfbundle; includeInIndex = 0; path = ShkeekTests.xctest; sourceTree = BUILT_PRODUCTS_DIR; };
		4A613FE61AB7268F00D0F331 /* Info.plist */ = {isa = PBXFileReference; lastKnownFileType = text.plist.xml; path = Info.plist; sourceTree = "<group>"; };
		4A6924C31AB733F50019487A /* ZSSGroupQuerier.swift */ = {isa = PBXFileReference; fileEncoding = 4; lastKnownFileType = sourcecode.swift; path = ZSSGroupQuerier.swift; sourceTree = "<group>"; };
		4A6924C61AB734010019487A /* ZSSAnnouncementQuerier.swift */ = {isa = PBXFileReference; fileEncoding = 4; lastKnownFileType = sourcecode.swift; path = ZSSAnnouncementQuerier.swift; sourceTree = "<group>"; };
		4A69A52D1ABDC23500290AC5 /* ZSSEulaViewController.swift */ = {isa = PBXFileReference; fileEncoding = 4; lastKnownFileType = sourcecode.swift; name = ZSSEulaViewController.swift; path = ../ZSSEulaViewController.swift; sourceTree = "<group>"; };
		4A69A52E1ABDC23500290AC5 /* ZSSEulaViewController.xib */ = {isa = PBXFileReference; fileEncoding = 4; lastKnownFileType = file.xib; name = ZSSEulaViewController.xib; path = ../ZSSEulaViewController.xib; sourceTree = "<group>"; };
		4A76DA551AD6D3BC009C960A /* ZSSImageTransformer.h */ = {isa = PBXFileReference; fileEncoding = 4; lastKnownFileType = sourcecode.c.h; path = ZSSImageTransformer.h; sourceTree = "<group>"; };
		4A76DA561AD6D3BC009C960A /* ZSSImageTransformer.m */ = {isa = PBXFileReference; fileEncoding = 4; lastKnownFileType = sourcecode.c.objc; path = ZSSImageTransformer.m; sourceTree = "<group>"; };
		4A76DA581AD6D557009C960A /* ZSSGroup.h */ = {isa = PBXFileReference; fileEncoding = 4; lastKnownFileType = sourcecode.c.h; path = ZSSGroup.h; sourceTree = "<group>"; };
		4A76DA591AD6D557009C960A /* ZSSGroup.m */ = {isa = PBXFileReference; fileEncoding = 4; lastKnownFileType = sourcecode.c.objc; path = ZSSGroup.m; sourceTree = "<group>"; };
		4A76DA5B1AD6D558009C960A /* ZSSAnnouncement.h */ = {isa = PBXFileReference; fileEncoding = 4; lastKnownFileType = sourcecode.c.h; path = ZSSAnnouncement.h; sourceTree = "<group>"; };
		4A76DA5C1AD6D558009C960A /* ZSSAnnouncement.m */ = {isa = PBXFileReference; fileEncoding = 4; lastKnownFileType = sourcecode.c.objc; path = ZSSAnnouncement.m; sourceTree = "<group>"; };
		4A76DA5E1AD6D558009C960A /* ZSSUser.h */ = {isa = PBXFileReference; fileEncoding = 4; lastKnownFileType = sourcecode.c.h; path = ZSSUser.h; sourceTree = "<group>"; };
		4A76DA5F1AD6D558009C960A /* ZSSUser.m */ = {isa = PBXFileReference; fileEncoding = 4; lastKnownFileType = sourcecode.c.objc; path = ZSSUser.m; sourceTree = "<group>"; };
		4A76DA611AD6D558009C960A /* ZSSChoice.h */ = {isa = PBXFileReference; fileEncoding = 4; lastKnownFileType = sourcecode.c.h; path = ZSSChoice.h; sourceTree = "<group>"; };
		4A76DA621AD6D558009C960A /* ZSSChoice.m */ = {isa = PBXFileReference; fileEncoding = 4; lastKnownFileType = sourcecode.c.objc; path = ZSSChoice.m; sourceTree = "<group>"; };
		4A76DA641AD6D559009C960A /* ZSSQuestionaire.h */ = {isa = PBXFileReference; fileEncoding = 4; lastKnownFileType = sourcecode.c.h; path = ZSSQuestionaire.h; sourceTree = "<group>"; };
		4A76DA651AD6D559009C960A /* ZSSQuestionaire.m */ = {isa = PBXFileReference; fileEncoding = 4; lastKnownFileType = sourcecode.c.objc; path = ZSSQuestionaire.m; sourceTree = "<group>"; };
		4A76DA671AD6D559009C960A /* ZSSQuestion.h */ = {isa = PBXFileReference; fileEncoding = 4; lastKnownFileType = sourcecode.c.h; path = ZSSQuestion.h; sourceTree = "<group>"; };
		4A76DA681AD6D559009C960A /* ZSSQuestion.m */ = {isa = PBXFileReference; fileEncoding = 4; lastKnownFileType = sourcecode.c.objc; path = ZSSQuestion.m; sourceTree = "<group>"; };
		4A7C603F1AB74A5600DA34B1 /* ZSSLoginQuerier.swift */ = {isa = PBXFileReference; fileEncoding = 4; lastKnownFileType = sourcecode.swift; path = ZSSLoginQuerier.swift; sourceTree = "<group>"; };
		4A7C60421AB7A15100DA34B1 /* ZSSGroupSyncer.swift */ = {isa = PBXFileReference; fileEncoding = 4; lastKnownFileType = sourcecode.swift; path = ZSSGroupSyncer.swift; sourceTree = "<group>"; };
		4A7C60451AB7A23100DA34B1 /* ZSSLocalFactory.swift */ = {isa = PBXFileReference; fileEncoding = 4; lastKnownFileType = sourcecode.swift; path = ZSSLocalFactory.swift; sourceTree = "<group>"; };
		4A7C60481AB7A23800DA34B1 /* ZSSLocalStore.swift */ = {isa = PBXFileReference; fileEncoding = 4; lastKnownFileType = sourcecode.swift; path = ZSSLocalStore.swift; sourceTree = "<group>"; };
		4A9910121AC9991E0056D7B6 /* ZSSGroupsTableViewController.swift */ = {isa = PBXFileReference; fileEncoding = 4; lastKnownFileType = sourcecode.swift; name = ZSSGroupsTableViewController.swift; path = ../ZSSGroupsTableViewController.swift; sourceTree = "<group>"; };
		4A9910141AC9996D0056D7B6 /* ZSSGroupCell.swift */ = {isa = PBXFileReference; fileEncoding = 4; lastKnownFileType = sourcecode.swift; path = ZSSGroupCell.swift; sourceTree = "<group>"; };
		4A9910151AC9996D0056D7B6 /* ZSSGroupCell.xib */ = {isa = PBXFileReference; fileEncoding = 4; lastKnownFileType = file.xib; path = ZSSGroupCell.xib; sourceTree = "<group>"; };
		4AA5BB2E1ABE61A900CE458A /* ZSSTextViewCell.swift */ = {isa = PBXFileReference; fileEncoding = 4; lastKnownFileType = sourcecode.swift; path = ZSSTextViewCell.swift; sourceTree = "<group>"; };
		4AA5BB2F1ABE61A900CE458A /* ZSSTextViewCell.xib */ = {isa = PBXFileReference; fileEncoding = 4; lastKnownFileType = file.xib; path = ZSSTextViewCell.xib; sourceTree = "<group>"; };
		4AB7738A1AB87DA800D33B9A /* testZSSLocalStore.swift */ = {isa = PBXFileReference; fileEncoding = 4; lastKnownFileType = sourcecode.swift; path = testZSSLocalStore.swift; sourceTree = "<group>"; };
		4ABCAA191ABE5B8F008F5958 /* ZSSGroupCreateTableViewController.swift */ = {isa = PBXFileReference; fileEncoding = 4; lastKnownFileType = sourcecode.swift; path = ZSSGroupCreateTableViewController.swift; sourceTree = "<group>"; };
		4ABCAA1B1ABE5D8E008F5958 /* ZSSChoiceCell.swift */ = {isa = PBXFileReference; fileEncoding = 4; lastKnownFileType = sourcecode.swift; path = ZSSChoiceCell.swift; sourceTree = "<group>"; };
		4ABCAA1C1ABE5D8E008F5958 /* ZSSChoiceCell.xib */ = {isa = PBXFileReference; fileEncoding = 4; lastKnownFileType = file.xib; path = ZSSChoiceCell.xib; sourceTree = "<group>"; };
		4AC915281AB92EA400D48150 /* Shkeek-Bridging-Header.h */ = {isa = PBXFileReference; fileEncoding = 4; lastKnownFileType = sourcecode.c.h; path = "Shkeek-Bridging-Header.h"; sourceTree = "<group>"; };
		4AC915291AB92F4D00D48150 /* ShkeekTests-Bridging-Header.h */ = {isa = PBXFileReference; fileEncoding = 4; lastKnownFileType = sourcecode.c.h; path = "ShkeekTests-Bridging-Header.h"; sourceTree = "<group>"; };
		4AC9152C1AB93A0A00D48150 /* Shkeek.xcdatamodel */ = {isa = PBXFileReference; lastKnownFileType = wrapper.xcdatamodel; path = Shkeek.xcdatamodel; sourceTree = "<group>"; };
		4AC9152F1AB9466600D48150 /* Array+Convenience.swift */ = {isa = PBXFileReference; fileEncoding = 4; lastKnownFileType = sourcecode.swift; name = "Array+Convenience.swift"; path = "Shkeek/Array+Convenience.swift"; sourceTree = SOURCE_ROOT; };
		4ACCED151AD5EE0C0013E688 /* ZSSFeedTableViewController.swift */ = {isa = PBXFileReference; fileEncoding = 4; lastKnownFileType = sourcecode.swift; path = ZSSFeedTableViewController.swift; sourceTree = "<group>"; };
		4ACCED181AD5F1C60013E688 /* ZSSAnnouncementCell.swift */ = {isa = PBXFileReference; fileEncoding = 4; lastKnownFileType = sourcecode.swift; path = ZSSAnnouncementCell.swift; sourceTree = "<group>"; };
		4ACCED191AD5F1C60013E688 /* ZSSAnnouncementCell.xib */ = {isa = PBXFileReference; fileEncoding = 4; lastKnownFileType = file.xib; path = ZSSAnnouncementCell.xib; sourceTree = "<group>"; };
		4AD730551ABA4EB500A9F32B /* EmailLoginTableViewController.swift */ = {isa = PBXFileReference; fileEncoding = 4; lastKnownFileType = sourcecode.swift; path = EmailLoginTableViewController.swift; sourceTree = "<group>"; };
		4AD730581ABA606300A9F32B /* ZSSButtonCell.swift */ = {isa = PBXFileReference; fileEncoding = 4; lastKnownFileType = sourcecode.swift; path = ZSSButtonCell.swift; sourceTree = "<group>"; };
		4AD730591ABA606300A9F32B /* ZSSButtonCell.xib */ = {isa = PBXFileReference; fileEncoding = 4; lastKnownFileType = file.xib; path = ZSSButtonCell.xib; sourceTree = "<group>"; };
		4AD7305C1ABB5EE400A9F32B /* ZSSUserSyncer.swift */ = {isa = PBXFileReference; fileEncoding = 4; lastKnownFileType = sourcecode.swift; path = ZSSUserSyncer.swift; sourceTree = "<group>"; };
		4AF848AE1AC990EA001D27DB /* testZSSGroupSyncer.swift */ = {isa = PBXFileReference; fileEncoding = 4; lastKnownFileType = sourcecode.swift; path = testZSSGroupSyncer.swift; sourceTree = "<group>"; };
		8D1DF9FFD5BD9FD5FECF18FC /* Pods-Shkeek.debug.xcconfig */ = {isa = PBXFileReference; includeInIndex = 1; lastKnownFileType = text.xcconfig; name = "Pods-Shkeek.debug.xcconfig"; path = "Pods/Target Support Files/Pods-Shkeek/Pods-Shkeek.debug.xcconfig"; sourceTree = "<group>"; };
/* End PBXFileReference section */

/* Begin PBXFrameworksBuildPhase section */
		4A613FC91AB7268F00D0F331 /* Frameworks */ = {
			isa = PBXFrameworksBuildPhase;
			buildActionMask = 2147483647;
			files = (
				7D808C7060384B26A93FBCB3 /* libPods-Shkeek.a in Frameworks */,
			);
			runOnlyForDeploymentPostprocessing = 0;
		};
		4A613FDE1AB7268F00D0F331 /* Frameworks */ = {
			isa = PBXFrameworksBuildPhase;
			buildActionMask = 2147483647;
			files = (
				D6D8B4F6A49043D778EDE599 /* libPods-ShkeekTests.a in Frameworks */,
			);
			runOnlyForDeploymentPostprocessing = 0;
		};
/* End PBXFrameworksBuildPhase section */

/* Begin PBXGroup section */
		4A1E44461ABA09E3002C167B /* Cells */ = {
			isa = PBXGroup;
			children = (
				4A410F221ACEF46300772399 /* ZSSLabelCell.swift */,
				4A410F231ACEF46300772399 /* ZSSLabelCell.xib */,
				4ABCAA1B1ABE5D8E008F5958 /* ZSSChoiceCell.swift */,
				4ABCAA1C1ABE5D8E008F5958 /* ZSSChoiceCell.xib */,
				4A1E443C1AB9FBA3002C167B /* ZSSProfilePicCell.swift */,
				4A1E443D1AB9FBA3002C167B /* ZSSProfilePicCell.xib */,
				4A1E44401AB9FFFB002C167B /* ZSSTextFieldCell.swift */,
				4A1E44411AB9FFFB002C167B /* ZSSTextFieldCell.xib */,
				4AD730581ABA606300A9F32B /* ZSSButtonCell.swift */,
				4AD730591ABA606300A9F32B /* ZSSButtonCell.xib */,
				4AA5BB2E1ABE61A900CE458A /* ZSSTextViewCell.swift */,
				4AA5BB2F1ABE61A900CE458A /* ZSSTextViewCell.xib */,
				4A9910141AC9996D0056D7B6 /* ZSSGroupCell.swift */,
				4ACCED181AD5F1C60013E688 /* ZSSAnnouncementCell.swift */,
				4ACCED191AD5F1C60013E688 /* ZSSAnnouncementCell.xib */,
				4A9910151AC9996D0056D7B6 /* ZSSGroupCell.xib */,
			);
			name = Cells;
			sourceTree = "<group>";
		};
		4A20C3C51AB9CCA900AC6338 /* Model */ = {
			isa = PBXGroup;
			children = (
				4AC9152B1AB93A0A00D48150 /* Shkeek.xcdatamodeld */,
				4A76DA6A1AD6D599009C960A /* CoreData Objects */,
				4A76DA551AD6D3BC009C960A /* ZSSImageTransformer.h */,
				4A76DA561AD6D3BC009C960A /* ZSSImageTransformer.m */,
				4A6924C31AB733F50019487A /* ZSSGroupQuerier.swift */,
				4A7C60421AB7A15100DA34B1 /* ZSSGroupSyncer.swift */,
				4A7C603F1AB74A5600DA34B1 /* ZSSLoginQuerier.swift */,
				4A0146B71ABA4AF9007DDE52 /* ZSSLocalQuerier.swift */,
				4A7C60451AB7A23100DA34B1 /* ZSSLocalFactory.swift */,
				4A7C60481AB7A23800DA34B1 /* ZSSLocalStore.swift */,
				4A6924C61AB734010019487A /* ZSSAnnouncementQuerier.swift */,
				4AD7305C1ABB5EE400A9F32B /* ZSSUserSyncer.swift */,
			);
			name = Model;
			sourceTree = "<group>";
		};
		4A20C3CA1AB9CCEB00AC6338 /* ViewControllers */ = {
			isa = PBXGroup;
			children = (
				4ABCAA181ABE5B53008F5958 /* StartUp */,
				4A25347B1ABDF88900B18435 /* ZSSHomeViewController.swift */,
				4A25347C1ABDF88900B18435 /* ZSSHomeViewController.xib */,
				4ACCED171AD5EE160013E688 /* Feed */,
				4ADAD6301AC739E000F9EA76 /* Groups */,
				4A1E44461ABA09E3002C167B /* Cells */,
			);
			name = ViewControllers;
			sourceTree = "<group>";
		};
		4A613FC31AB7268F00D0F331 = {
			isa = PBXGroup;
			children = (
				4A613FCE1AB7268F00D0F331 /* Shkeek */,
				4A613FE41AB7268F00D0F331 /* ShkeekTests */,
				4A613FCD1AB7268F00D0F331 /* Products */,
				E0F8C4B9EC6391F74D07F0E4 /* Pods */,
				676B1C364B79F888625C5DC5 /* Frameworks */,
			);
			sourceTree = "<group>";
		};
		4A613FCD1AB7268F00D0F331 /* Products */ = {
			isa = PBXGroup;
			children = (
				4A613FCC1AB7268F00D0F331 /* Shkeek.app */,
				4A613FE11AB7268F00D0F331 /* ShkeekTests.xctest */,
			);
			name = Products;
			sourceTree = "<group>";
		};
		4A613FCE1AB7268F00D0F331 /* Shkeek */ = {
			isa = PBXGroup;
			children = (
				4A613FD11AB7268F00D0F331 /* AppDelegate.swift */,
				4A20C3C51AB9CCA900AC6338 /* Model */,
				4A20C3CA1AB9CCEB00AC6338 /* ViewControllers */,
				4A613FD81AB7268F00D0F331 /* Images.xcassets */,
				4A613FDA1AB7268F00D0F331 /* LaunchScreen.xib */,
				4A613FCF1AB7268F00D0F331 /* Supporting Files */,
			);
			path = Shkeek;
			sourceTree = "<group>";
		};
		4A613FCF1AB7268F00D0F331 /* Supporting Files */ = {
			isa = PBXGroup;
			children = (
				4AC915281AB92EA400D48150 /* Shkeek-Bridging-Header.h */,
				4A613FD01AB7268F00D0F331 /* Info.plist */,
			);
			name = "Supporting Files";
			sourceTree = "<group>";
		};
		4A613FE41AB7268F00D0F331 /* ShkeekTests */ = {
			isa = PBXGroup;
			children = (
				4A613FE51AB7268F00D0F331 /* Supporting Files */,
				4AB7738A1AB87DA800D33B9A /* testZSSLocalStore.swift */,
				4AF848AE1AC990EA001D27DB /* testZSSGroupSyncer.swift */,
				4AC9152F1AB9466600D48150 /* Array+Convenience.swift */,
				4A13763B1ABB781B0014A8A7 /* String+EmailValidator.swift */,
				4A1E44441ABA039B002C167B /* UIColor+FlatColors.swift */,
			);
			path = ShkeekTests;
			sourceTree = "<group>";
		};
		4A613FE51AB7268F00D0F331 /* Supporting Files */ = {
			isa = PBXGroup;
			children = (
				4AC915291AB92F4D00D48150 /* ShkeekTests-Bridging-Header.h */,
				4A613FE61AB7268F00D0F331 /* Info.plist */,
				4A1E444F1ABA16FA002C167B /* Keys.plist */,
			);
			name = "Supporting Files";
			sourceTree = "<group>";
		};
		4A76DA6A1AD6D599009C960A /* CoreData Objects */ = {
			isa = PBXGroup;
			children = (
				4A76DA671AD6D559009C960A /* ZSSQuestion.h */,
				4A76DA681AD6D559009C960A /* ZSSQuestion.m */,
				4A76DA641AD6D559009C960A /* ZSSQuestionaire.h */,
				4A76DA651AD6D559009C960A /* ZSSQuestionaire.m */,
				4A76DA611AD6D558009C960A /* ZSSChoice.h */,
				4A76DA621AD6D558009C960A /* ZSSChoice.m */,
				4A76DA5E1AD6D558009C960A /* ZSSUser.h */,
				4A76DA5F1AD6D558009C960A /* ZSSUser.m */,
				4A76DA5B1AD6D558009C960A /* ZSSAnnouncement.h */,
				4A76DA5C1AD6D558009C960A /* ZSSAnnouncement.m */,
				4A76DA581AD6D557009C960A /* ZSSGroup.h */,
				4A76DA591AD6D557009C960A /* ZSSGroup.m */,
			);
			name = "CoreData Objects";
			sourceTree = "<group>";
		};
		4ABCAA181ABE5B53008F5958 /* StartUp */ = {
			isa = PBXGroup;
			children = (
				4A69A52D1ABDC23500290AC5 /* ZSSEulaViewController.swift */,
				4A69A52E1ABDC23500290AC5 /* ZSSEulaViewController.xib */,
				4A20C3C61AB9CCC400AC6338 /* ZSSLoginViewController.swift */,
				4A20C3C71AB9CCC400AC6338 /* ZSSLoginViewController.xib */,
				4AD730551ABA4EB500A9F32B /* EmailLoginTableViewController.swift */,
				4A0146B31ABA4026007DDE52 /* TwitterSignUpTableViewController.swift */,
				4A0146B51ABA4042007DDE52 /* EmailSignUpTableViewController.swift */,
			);
			name = StartUp;
			sourceTree = "<group>";
		};
		4ACCED171AD5EE160013E688 /* Feed */ = {
			isa = PBXGroup;
			children = (
				4ACCED151AD5EE0C0013E688 /* ZSSFeedTableViewController.swift */,
			);
			name = Feed;
			sourceTree = "<group>";
		};
		4ADAD6301AC739E000F9EA76 /* Groups */ = {
			isa = PBXGroup;
			children = (
				4ABCAA191ABE5B8F008F5958 /* ZSSGroupCreateTableViewController.swift */,
				4A9910121AC9991E0056D7B6 /* ZSSGroupsTableViewController.swift */,
				4A410F1A1ACEF0F800772399 /* ZSSGroupDetailTableViewController.swift */,
				4A410F261ACF0AD500772399 /* ZSSGroupAdminTableViewController.swift */,
			);
			name = Groups;
			sourceTree = "<group>";
		};
		676B1C364B79F888625C5DC5 /* Frameworks */ = {
			isa = PBXGroup;
			children = (
				28C84BA62B13AC54C8E5A4C0 /* libPods-Shkeek.a */,
				1363611A5C07FAC38A5BD312 /* libPods-ShkeekTests.a */,
			);
			name = Frameworks;
			sourceTree = "<group>";
		};
		E0F8C4B9EC6391F74D07F0E4 /* Pods */ = {
			isa = PBXGroup;
			children = (
				8D1DF9FFD5BD9FD5FECF18FC /* Pods-Shkeek.debug.xcconfig */,
				20E57EF6B85CFBF016A414D6 /* Pods-Shkeek.release.xcconfig */,
				372AFFF7D46687D2D0D1E62F /* Pods-ShkeekTests.debug.xcconfig */,
				15B1DEBCF2C6B91BF3999AFC /* Pods-ShkeekTests.release.xcconfig */,
			);
			name = Pods;
			sourceTree = "<group>";
		};
/* End PBXGroup section */

/* Begin PBXNativeTarget section */
		4A613FCB1AB7268F00D0F331 /* Shkeek */ = {
			isa = PBXNativeTarget;
			buildConfigurationList = 4A613FEB1AB7268F00D0F331 /* Build configuration list for PBXNativeTarget "Shkeek" */;
			buildPhases = (
				D9ECFA92852AE2F14DB13199 /* Check Pods Manifest.lock */,
				4A613FC81AB7268F00D0F331 /* Sources */,
				4A613FC91AB7268F00D0F331 /* Frameworks */,
				4A613FCA1AB7268F00D0F331 /* Resources */,
				83B746A1CDAB5C75DEBE6895 /* Copy Pods Resources */,
			);
			buildRules = (
			);
			dependencies = (
			);
			name = Shkeek;
			productName = Shkeek;
			productReference = 4A613FCC1AB7268F00D0F331 /* Shkeek.app */;
			productType = "com.apple.product-type.application";
		};
		4A613FE01AB7268F00D0F331 /* ShkeekTests */ = {
			isa = PBXNativeTarget;
			buildConfigurationList = 4A613FEE1AB7268F00D0F331 /* Build configuration list for PBXNativeTarget "ShkeekTests" */;
			buildPhases = (
				DDEE4AAD97F351D07BE720BB /* Check Pods Manifest.lock */,
				4A613FDD1AB7268F00D0F331 /* Sources */,
				4A613FDE1AB7268F00D0F331 /* Frameworks */,
				4A613FDF1AB7268F00D0F331 /* Resources */,
				2E66E4CC7B3F3D2721A54A5C /* Copy Pods Resources */,
			);
			buildRules = (
			);
			dependencies = (
				4A613FE31AB7268F00D0F331 /* PBXTargetDependency */,
			);
			name = ShkeekTests;
			productName = ShkeekTests;
			productReference = 4A613FE11AB7268F00D0F331 /* ShkeekTests.xctest */;
			productType = "com.apple.product-type.bundle.unit-test";
		};
/* End PBXNativeTarget section */

/* Begin PBXProject section */
		4A613FC41AB7268F00D0F331 /* Project object */ = {
			isa = PBXProject;
			attributes = {
				LastUpgradeCheck = 0620;
				ORGANIZATIONNAME = "Shkeek Inc.";
				TargetAttributes = {
					4A613FCB1AB7268F00D0F331 = {
						CreatedOnToolsVersion = 6.2;
					};
					4A613FE01AB7268F00D0F331 = {
						CreatedOnToolsVersion = 6.2;
						TestTargetID = 4A613FCB1AB7268F00D0F331;
					};
				};
			};
			buildConfigurationList = 4A613FC71AB7268F00D0F331 /* Build configuration list for PBXProject "Shkeek" */;
			compatibilityVersion = "Xcode 3.2";
			developmentRegion = English;
			hasScannedForEncodings = 0;
			knownRegions = (
				en,
				Base,
			);
			mainGroup = 4A613FC31AB7268F00D0F331;
			productRefGroup = 4A613FCD1AB7268F00D0F331 /* Products */;
			projectDirPath = "";
			projectRoot = "";
			targets = (
				4A613FCB1AB7268F00D0F331 /* Shkeek */,
				4A613FE01AB7268F00D0F331 /* ShkeekTests */,
			);
		};
/* End PBXProject section */

/* Begin PBXResourcesBuildPhase section */
		4A613FCA1AB7268F00D0F331 /* Resources */ = {
			isa = PBXResourcesBuildPhase;
			buildActionMask = 2147483647;
			files = (
				4A69A5301ABDC23500290AC5 /* ZSSEulaViewController.xib in Resources */,
				4A1E44501ABA16FA002C167B /* Keys.plist in Resources */,
				4A410F251ACEF46300772399 /* ZSSLabelCell.xib in Resources */,
				4AA5BB311ABE61A900CE458A /* ZSSTextViewCell.xib in Resources */,
				4A20C3C91AB9CCC400AC6338 /* ZSSLoginViewController.xib in Resources */,
				4ACCED1B1AD5F1C60013E688 /* ZSSAnnouncementCell.xib in Resources */,
				4AD7305B1ABA606300A9F32B /* ZSSButtonCell.xib in Resources */,
				4A1E44431AB9FFFB002C167B /* ZSSTextFieldCell.xib in Resources */,
				4A9910171AC9996D0056D7B6 /* ZSSGroupCell.xib in Resources */,
				4ABCAA1E1ABE5D8E008F5958 /* ZSSChoiceCell.xib in Resources */,
				4A25347E1ABDF88900B18435 /* ZSSHomeViewController.xib in Resources */,
				4A613FDC1AB7268F00D0F331 /* LaunchScreen.xib in Resources */,
				4A613FD91AB7268F00D0F331 /* Images.xcassets in Resources */,
				4A1E443F1AB9FBA3002C167B /* ZSSProfilePicCell.xib in Resources */,
			);
			runOnlyForDeploymentPostprocessing = 0;
		};
		4A613FDF1AB7268F00D0F331 /* Resources */ = {
			isa = PBXResourcesBuildPhase;
			buildActionMask = 2147483647;
			files = (
				4A1E44511ABA16FA002C167B /* Keys.plist in Resources */,
			);
			runOnlyForDeploymentPostprocessing = 0;
		};
/* End PBXResourcesBuildPhase section */

/* Begin PBXShellScriptBuildPhase section */
		2E66E4CC7B3F3D2721A54A5C /* Copy Pods Resources */ = {
			isa = PBXShellScriptBuildPhase;
			buildActionMask = 2147483647;
			files = (
			);
			inputPaths = (
			);
			name = "Copy Pods Resources";
			outputPaths = (
			);
			runOnlyForDeploymentPostprocessing = 0;
			shellPath = /bin/sh;
			shellScript = "\"${SRCROOT}/Pods/Target Support Files/Pods-ShkeekTests/Pods-ShkeekTests-resources.sh\"\n";
			showEnvVarsInLog = 0;
		};
		83B746A1CDAB5C75DEBE6895 /* Copy Pods Resources */ = {
			isa = PBXShellScriptBuildPhase;
			buildActionMask = 2147483647;
			files = (
			);
			inputPaths = (
			);
			name = "Copy Pods Resources";
			outputPaths = (
			);
			runOnlyForDeploymentPostprocessing = 0;
			shellPath = /bin/sh;
			shellScript = "\"${SRCROOT}/Pods/Target Support Files/Pods-Shkeek/Pods-Shkeek-resources.sh\"\n";
			showEnvVarsInLog = 0;
		};
		D9ECFA92852AE2F14DB13199 /* Check Pods Manifest.lock */ = {
			isa = PBXShellScriptBuildPhase;
			buildActionMask = 2147483647;
			files = (
			);
			inputPaths = (
			);
			name = "Check Pods Manifest.lock";
			outputPaths = (
			);
			runOnlyForDeploymentPostprocessing = 0;
			shellPath = /bin/sh;
			shellScript = "diff \"${PODS_ROOT}/../Podfile.lock\" \"${PODS_ROOT}/Manifest.lock\" > /dev/null\nif [[ $? != 0 ]] ; then\n    cat << EOM\nerror: The sandbox is not in sync with the Podfile.lock. Run 'pod install' or update your CocoaPods installation.\nEOM\n    exit 1\nfi\n";
			showEnvVarsInLog = 0;
		};
		DDEE4AAD97F351D07BE720BB /* Check Pods Manifest.lock */ = {
			isa = PBXShellScriptBuildPhase;
			buildActionMask = 2147483647;
			files = (
			);
			inputPaths = (
			);
			name = "Check Pods Manifest.lock";
			outputPaths = (
			);
			runOnlyForDeploymentPostprocessing = 0;
			shellPath = /bin/sh;
			shellScript = "diff \"${PODS_ROOT}/../Podfile.lock\" \"${PODS_ROOT}/Manifest.lock\" > /dev/null\nif [[ $? != 0 ]] ; then\n    cat << EOM\nerror: The sandbox is not in sync with the Podfile.lock. Run 'pod install' or update your CocoaPods installation.\nEOM\n    exit 1\nfi\n";
			showEnvVarsInLog = 0;
		};
/* End PBXShellScriptBuildPhase section */

/* Begin PBXSourcesBuildPhase section */
		4A613FC81AB7268F00D0F331 /* Sources */ = {
			isa = PBXSourcesBuildPhase;
			buildActionMask = 2147483647;
			files = (
				4A76DA631AD6D558009C960A /* ZSSChoice.m in Sources */,
				4A25347D1ABDF88900B18435 /* ZSSHomeViewController.swift in Sources */,
				4A76DA571AD6D3BC009C960A /* ZSSImageTransformer.m in Sources */,
				4A76DA5A1AD6D557009C960A /* ZSSGroup.m in Sources */,
				4A76DA601AD6D558009C960A /* ZSSUser.m in Sources */,
				4A76DA661AD6D559009C960A /* ZSSQuestionaire.m in Sources */,
				4A1E44451ABA039B002C167B /* UIColor+FlatColors.swift in Sources */,
				4A7C60461AB7A23100DA34B1 /* ZSSLocalFactory.swift in Sources */,
				4AD730561ABA4EB500A9F32B /* EmailLoginTableViewController.swift in Sources */,
				4A1E44421AB9FFFB002C167B /* ZSSTextFieldCell.swift in Sources */,
				4AC9152D1AB93A0A00D48150 /* Shkeek.xcdatamodeld in Sources */,
				4A410F271ACF0AD500772399 /* ZSSGroupAdminTableViewController.swift in Sources */,
				4A0146B61ABA4042007DDE52 /* EmailSignUpTableViewController.swift in Sources */,
				4A13763D1ABB78740014A8A7 /* String+EmailValidator.swift in Sources */,
				4ABCAA1A1ABE5B8F008F5958 /* ZSSGroupCreateTableViewController.swift in Sources */,
				4A76DA691AD6D559009C960A /* ZSSQuestion.m in Sources */,
				4A410F1B1ACEF0F800772399 /* ZSSGroupDetailTableViewController.swift in Sources */,
				4ABCAA1D1ABE5D8E008F5958 /* ZSSChoiceCell.swift in Sources */,
				4ACCED161AD5EE0C0013E688 /* ZSSFeedTableViewController.swift in Sources */,
				4A7C60431AB7A15100DA34B1 /* ZSSGroupSyncer.swift in Sources */,
				4A0146B41ABA4026007DDE52 /* TwitterSignUpTableViewController.swift in Sources */,
				4A76DA5D1AD6D558009C960A /* ZSSAnnouncement.m in Sources */,
				4A9910131AC9991E0056D7B6 /* ZSSGroupsTableViewController.swift in Sources */,
				4A6924C41AB733F50019487A /* ZSSGroupQuerier.swift in Sources */,
				4A7C60491AB7A23800DA34B1 /* ZSSLocalStore.swift in Sources */,
				4AA5BB301ABE61A900CE458A /* ZSSTextViewCell.swift in Sources */,
				4AD7305A1ABA606300A9F32B /* ZSSButtonCell.swift in Sources */,
				4A613FD21AB7268F00D0F331 /* AppDelegate.swift in Sources */,
				4A7C60401AB74A5600DA34B1 /* ZSSLoginQuerier.swift in Sources */,
				4A1E443E1AB9FBA3002C167B /* ZSSProfilePicCell.swift in Sources */,
				4A410F241ACEF46300772399 /* ZSSLabelCell.swift in Sources */,
				4AD7305D1ABB5EE400A9F32B /* ZSSUserSyncer.swift in Sources */,
				4A0146B81ABA4AF9007DDE52 /* ZSSLocalQuerier.swift in Sources */,
				4A20C3C81AB9CCC400AC6338 /* ZSSLoginViewController.swift in Sources */,
				4A6924C71AB734010019487A /* ZSSAnnouncementQuerier.swift in Sources */,
				4A9910161AC9996D0056D7B6 /* ZSSGroupCell.swift in Sources */,
				4A69A52F1ABDC23500290AC5 /* ZSSEulaViewController.swift in Sources */,
				4AC915301AB9466600D48150 /* Array+Convenience.swift in Sources */,
				4ACCED1A1AD5F1C60013E688 /* ZSSAnnouncementCell.swift in Sources */,
			);
			runOnlyForDeploymentPostprocessing = 0;
		};
		4A613FDD1AB7268F00D0F331 /* Sources */ = {
			isa = PBXSourcesBuildPhase;
			buildActionMask = 2147483647;
			files = (
				4AF848AF1AC990EA001D27DB /* testZSSGroupSyncer.swift in Sources */,
				4AC9152E1AB93A0A00D48150 /* Shkeek.xcdatamodeld in Sources */,
				4AC915311AB9466600D48150 /* Array+Convenience.swift in Sources */,
				4AB7738B1AB87DA800D33B9A /* testZSSLocalStore.swift in Sources */,
			);
			runOnlyForDeploymentPostprocessing = 0;
		};
/* End PBXSourcesBuildPhase section */

/* Begin PBXTargetDependency section */
		4A613FE31AB7268F00D0F331 /* PBXTargetDependency */ = {
			isa = PBXTargetDependency;
			target = 4A613FCB1AB7268F00D0F331 /* Shkeek */;
			targetProxy = 4A613FE21AB7268F00D0F331 /* PBXContainerItemProxy */;
		};
/* End PBXTargetDependency section */

/* Begin PBXVariantGroup section */
		4A613FDA1AB7268F00D0F331 /* LaunchScreen.xib */ = {
			isa = PBXVariantGroup;
			children = (
				4A613FDB1AB7268F00D0F331 /* Base */,
			);
			name = LaunchScreen.xib;
			sourceTree = "<group>";
		};
/* End PBXVariantGroup section */

/* Begin XCBuildConfiguration section */
		4A613FE91AB7268F00D0F331 /* Debug */ = {
			isa = XCBuildConfiguration;
			buildSettings = {
				ALWAYS_SEARCH_USER_PATHS = NO;
				CLANG_ALLOW_NON_MODULAR_INCLUDES_IN_FRAMEWORK_MODULES = YES;
				CLANG_CXX_LANGUAGE_STANDARD = "gnu++0x";
				CLANG_CXX_LIBRARY = "libc++";
				CLANG_ENABLE_MODULES = YES;
				CLANG_ENABLE_OBJC_ARC = YES;
				CLANG_WARN_BOOL_CONVERSION = YES;
				CLANG_WARN_CONSTANT_CONVERSION = YES;
				CLANG_WARN_DIRECT_OBJC_ISA_USAGE = YES_ERROR;
				CLANG_WARN_EMPTY_BODY = YES;
				CLANG_WARN_ENUM_CONVERSION = YES;
				CLANG_WARN_INT_CONVERSION = YES;
				CLANG_WARN_OBJC_ROOT_CLASS = YES_ERROR;
				CLANG_WARN_UNREACHABLE_CODE = YES;
				CLANG_WARN__DUPLICATE_METHOD_MATCH = YES;
				"CODE_SIGN_IDENTITY[sdk=iphoneos*]" = "iPhone Developer";
				COPY_PHASE_STRIP = NO;
				ENABLE_STRICT_OBJC_MSGSEND = YES;
				GCC_C_LANGUAGE_STANDARD = gnu99;
				GCC_DYNAMIC_NO_PIC = NO;
				GCC_OPTIMIZATION_LEVEL = 0;
				GCC_PREPROCESSOR_DEFINITIONS = (
					"DEBUG=1",
					"$(inherited)",
				);
				GCC_SYMBOLS_PRIVATE_EXTERN = NO;
				GCC_WARN_64_TO_32_BIT_CONVERSION = YES;
				GCC_WARN_ABOUT_RETURN_TYPE = YES_ERROR;
				GCC_WARN_UNDECLARED_SELECTOR = YES;
				GCC_WARN_UNINITIALIZED_AUTOS = YES_AGGRESSIVE;
				GCC_WARN_UNUSED_FUNCTION = YES;
				GCC_WARN_UNUSED_VARIABLE = YES;
				IPHONEOS_DEPLOYMENT_TARGET = 8.2;
				MTL_ENABLE_DEBUG_INFO = YES;
				ONLY_ACTIVE_ARCH = YES;
				SDKROOT = iphoneos;
				SWIFT_OPTIMIZATION_LEVEL = "-Onone";
			};
			name = Debug;
		};
		4A613FEA1AB7268F00D0F331 /* Release */ = {
			isa = XCBuildConfiguration;
			buildSettings = {
				ALWAYS_SEARCH_USER_PATHS = NO;
				CLANG_ALLOW_NON_MODULAR_INCLUDES_IN_FRAMEWORK_MODULES = YES;
				CLANG_CXX_LANGUAGE_STANDARD = "gnu++0x";
				CLANG_CXX_LIBRARY = "libc++";
				CLANG_ENABLE_MODULES = YES;
				CLANG_ENABLE_OBJC_ARC = YES;
				CLANG_WARN_BOOL_CONVERSION = YES;
				CLANG_WARN_CONSTANT_CONVERSION = YES;
				CLANG_WARN_DIRECT_OBJC_ISA_USAGE = YES_ERROR;
				CLANG_WARN_EMPTY_BODY = YES;
				CLANG_WARN_ENUM_CONVERSION = YES;
				CLANG_WARN_INT_CONVERSION = YES;
				CLANG_WARN_OBJC_ROOT_CLASS = YES_ERROR;
				CLANG_WARN_UNREACHABLE_CODE = YES;
				CLANG_WARN__DUPLICATE_METHOD_MATCH = YES;
				"CODE_SIGN_IDENTITY[sdk=iphoneos*]" = "iPhone Developer";
				COPY_PHASE_STRIP = NO;
				ENABLE_NS_ASSERTIONS = NO;
				ENABLE_STRICT_OBJC_MSGSEND = YES;
				GCC_C_LANGUAGE_STANDARD = gnu99;
				GCC_WARN_64_TO_32_BIT_CONVERSION = YES;
				GCC_WARN_ABOUT_RETURN_TYPE = YES_ERROR;
				GCC_WARN_UNDECLARED_SELECTOR = YES;
				GCC_WARN_UNINITIALIZED_AUTOS = YES_AGGRESSIVE;
				GCC_WARN_UNUSED_FUNCTION = YES;
				GCC_WARN_UNUSED_VARIABLE = YES;
				IPHONEOS_DEPLOYMENT_TARGET = 8.2;
				MTL_ENABLE_DEBUG_INFO = NO;
				SDKROOT = iphoneos;
				VALIDATE_PRODUCT = YES;
			};
			name = Release;
		};
		4A613FEC1AB7268F00D0F331 /* Debug */ = {
			isa = XCBuildConfiguration;
			baseConfigurationReference = 8D1DF9FFD5BD9FD5FECF18FC /* Pods-Shkeek.debug.xcconfig */;
			buildSettings = {
				ASSETCATALOG_COMPILER_APPICON_NAME = AppIcon;
				CLANG_ALLOW_NON_MODULAR_INCLUDES_IN_FRAMEWORK_MODULES = YES;
				CLANG_ENABLE_MODULES = YES;
				INFOPLIST_FILE = Shkeek/Info.plist;
				LD_RUNPATH_SEARCH_PATHS = "$(inherited) @executable_path/Frameworks";
				PRODUCT_NAME = "$(TARGET_NAME)";
				SWIFT_OBJC_BRIDGING_HEADER = "Shkeek/Shkeek-Bridging-Header.h";
				SWIFT_OPTIMIZATION_LEVEL = "-Onone";
			};
			name = Debug;
		};
		4A613FED1AB7268F00D0F331 /* Release */ = {
			isa = XCBuildConfiguration;
			baseConfigurationReference = 20E57EF6B85CFBF016A414D6 /* Pods-Shkeek.release.xcconfig */;
			buildSettings = {
				ASSETCATALOG_COMPILER_APPICON_NAME = AppIcon;
				CLANG_ALLOW_NON_MODULAR_INCLUDES_IN_FRAMEWORK_MODULES = YES;
				CLANG_ENABLE_MODULES = YES;
				INFOPLIST_FILE = Shkeek/Info.plist;
				LD_RUNPATH_SEARCH_PATHS = "$(inherited) @executable_path/Frameworks";
				PRODUCT_NAME = "$(TARGET_NAME)";
				SWIFT_OBJC_BRIDGING_HEADER = "Shkeek/Shkeek-Bridging-Header.h";
			};
			name = Release;
		};
		4A613FEF1AB7268F00D0F331 /* Debug */ = {
			isa = XCBuildConfiguration;
			baseConfigurationReference = 372AFFF7D46687D2D0D1E62F /* Pods-ShkeekTests.debug.xcconfig */;
			buildSettings = {
				BUNDLE_LOADER = "$(TEST_HOST)";
				CLANG_ALLOW_NON_MODULAR_INCLUDES_IN_FRAMEWORK_MODULES = YES;
				CLANG_ENABLE_MODULES = YES;
				FRAMEWORK_SEARCH_PATHS = (
					"$(SDKROOT)/Developer/Library/Frameworks",
					"$(inherited)",
				);
				GCC_PREPROCESSOR_DEFINITIONS = (
					"DEBUG=1",
					"$(inherited)",
				);
				INFOPLIST_FILE = ShkeekTests/Info.plist;
				LD_RUNPATH_SEARCH_PATHS = "$(inherited) @executable_path/Frameworks @loader_path/Frameworks";
				PRODUCT_NAME = "$(TARGET_NAME)";
				SWIFT_OBJC_BRIDGING_HEADER = "ShkeekTests/ShkeekTests-Bridging-Header.h";
				SWIFT_OPTIMIZATION_LEVEL = "-Onone";
				TEST_HOST = "$(BUILT_PRODUCTS_DIR)/Shkeek.app/Shkeek";
			};
			name = Debug;
		};
		4A613FF01AB7268F00D0F331 /* Release */ = {
			isa = XCBuildConfiguration;
			baseConfigurationReference = 15B1DEBCF2C6B91BF3999AFC /* Pods-ShkeekTests.release.xcconfig */;
			buildSettings = {
				BUNDLE_LOADER = "$(TEST_HOST)";
				CLANG_ALLOW_NON_MODULAR_INCLUDES_IN_FRAMEWORK_MODULES = YES;
				CLANG_ENABLE_MODULES = YES;
				FRAMEWORK_SEARCH_PATHS = (
					"$(SDKROOT)/Developer/Library/Frameworks",
					"$(inherited)",
				);
				INFOPLIST_FILE = ShkeekTests/Info.plist;
				LD_RUNPATH_SEARCH_PATHS = "$(inherited) @executable_path/Frameworks @loader_path/Frameworks";
				PRODUCT_NAME = "$(TARGET_NAME)";
				SWIFT_OBJC_BRIDGING_HEADER = "ShkeekTests/ShkeekTests-Bridging-Header.h";
				TEST_HOST = "$(BUILT_PRODUCTS_DIR)/Shkeek.app/Shkeek";
			};
			name = Release;
		};
/* End XCBuildConfiguration section */

/* Begin XCConfigurationList section */
		4A613FC71AB7268F00D0F331 /* Build configuration list for PBXProject "Shkeek" */ = {
			isa = XCConfigurationList;
			buildConfigurations = (
				4A613FE91AB7268F00D0F331 /* Debug */,
				4A613FEA1AB7268F00D0F331 /* Release */,
			);
			defaultConfigurationIsVisible = 0;
			defaultConfigurationName = Release;
		};
		4A613FEB1AB7268F00D0F331 /* Build configuration list for PBXNativeTarget "Shkeek" */ = {
			isa = XCConfigurationList;
			buildConfigurations = (
				4A613FEC1AB7268F00D0F331 /* Debug */,
				4A613FED1AB7268F00D0F331 /* Release */,
			);
			defaultConfigurationIsVisible = 0;
			defaultConfigurationName = Release;
		};
		4A613FEE1AB7268F00D0F331 /* Build configuration list for PBXNativeTarget "ShkeekTests" */ = {
			isa = XCConfigurationList;
			buildConfigurations = (
				4A613FEF1AB7268F00D0F331 /* Debug */,
				4A613FF01AB7268F00D0F331 /* Release */,
			);
			defaultConfigurationIsVisible = 0;
			defaultConfigurationName = Release;
		};
/* End XCConfigurationList section */

/* Begin XCVersionGroup section */
		4AC9152B1AB93A0A00D48150 /* Shkeek.xcdatamodeld */ = {
			isa = XCVersionGroup;
			children = (
				4AC9152C1AB93A0A00D48150 /* Shkeek.xcdatamodel */,
			);
			currentVersion = 4AC9152C1AB93A0A00D48150 /* Shkeek.xcdatamodel */;
			path = Shkeek.xcdatamodeld;
			sourceTree = "<group>";
			versionGroupType = wrapper.xcdatamodel;
		};
/* End XCVersionGroup section */
	};
	rootObject = 4A613FC41AB7268F00D0F331 /* Project object */;
}
